// !$*UTF8*$!
{
	archiveVersion = 1;
	classes = {
	};
	objectVersion = 56;
	objects = {

/* Begin PBXBuildFile section */
		62161FD12A7FFF5C000360F9 /* AppDelegate.swift in Sources */ = {isa = PBXBuildFile; fileRef = 62161FD02A7FFF5C000360F9 /* AppDelegate.swift */; };
		62161FD32A7FFF5C000360F9 /* SceneDelegate.swift in Sources */ = {isa = PBXBuildFile; fileRef = 62161FD22A7FFF5C000360F9 /* SceneDelegate.swift */; };
		62161FDA2A7FFF5D000360F9 /* Assets.xcassets in Resources */ = {isa = PBXBuildFile; fileRef = 62161FD92A7FFF5D000360F9 /* Assets.xcassets */; };
		62161FDD2A7FFF5D000360F9 /* LaunchScreen.storyboard in Resources */ = {isa = PBXBuildFile; fileRef = 62161FDB2A7FFF5D000360F9 /* LaunchScreen.storyboard */; };
		62161FE72A816A1C000360F9 /* FeedViewController.swift in Sources */ = {isa = PBXBuildFile; fileRef = 62161FE62A816A1C000360F9 /* FeedViewController.swift */; };
		62161FEB2A81729B000360F9 /* PostViewController.swift in Sources */ = {isa = PBXBuildFile; fileRef = 62161FEA2A81729B000360F9 /* PostViewController.swift */; };
		62161FED2A8185A6000360F9 /* Post.swift in Sources */ = {isa = PBXBuildFile; fileRef = 62161FEC2A8185A6000360F9 /* Post.swift */; };
		62161FEF2A818A4B000360F9 /* InfoViewController.swift in Sources */ = {isa = PBXBuildFile; fileRef = 62161FEE2A818A4B000360F9 /* InfoViewController.swift */; };
		62AD4E862A854DE300B7F91C /* ProfileViewController.swift in Sources */ = {isa = PBXBuildFile; fileRef = 62AD4E852A854DE300B7F91C /* ProfileViewController.swift */; };
		62AD4E882A854E0400B7F91C /* ProfileHeaderView.swift in Sources */ = {isa = PBXBuildFile; fileRef = 62AD4E872A854E0400B7F91C /* ProfileHeaderView.swift */; };
		62AD4E8A2A8E875200B7F91C /* LogInViewController.swift in Sources */ = {isa = PBXBuildFile; fileRef = 62AD4E892A8E875200B7F91C /* LogInViewController.swift */; };
		62AD4E8E2A965D9400B7F91C /* PhotosViewController.swift in Sources */ = {isa = PBXBuildFile; fileRef = 62AD4E8D2A965D9400B7F91C /* PhotosViewController.swift */; };
		62AD4E902A965DD600B7F91C /* PhotosCollectionViewCell.swift in Sources */ = {isa = PBXBuildFile; fileRef = 62AD4E8F2A965DD600B7F91C /* PhotosCollectionViewCell.swift */; };
		62AD4E922A96785900B7F91C /* PhotosTableViewCell.swift in Sources */ = {isa = PBXBuildFile; fileRef = 62AD4E912A96785900B7F91C /* PhotosTableViewCell.swift */; };
		62AD4E8C2A93DF2300B7F91C /* PostTableViewCell.swift in Sources */ = {isa = PBXBuildFile; fileRef = 62AD4E8B2A93DF2300B7F91C /* PostTableViewCell.swift */; };
/* End PBXBuildFile section */

/* Begin PBXFileReference section */
		62161FCD2A7FFF5C000360F9 /* Navigation.app */ = {isa = PBXFileReference; explicitFileType = wrapper.application; includeInIndex = 0; path = Navigation.app; sourceTree = BUILT_PRODUCTS_DIR; };
		62161FD02A7FFF5C000360F9 /* AppDelegate.swift */ = {isa = PBXFileReference; lastKnownFileType = sourcecode.swift; path = AppDelegate.swift; sourceTree = "<group>"; };
		62161FD22A7FFF5C000360F9 /* SceneDelegate.swift */ = {isa = PBXFileReference; lastKnownFileType = sourcecode.swift; path = SceneDelegate.swift; sourceTree = "<group>"; };
		62161FD92A7FFF5D000360F9 /* Assets.xcassets */ = {isa = PBXFileReference; lastKnownFileType = folder.assetcatalog; path = Assets.xcassets; sourceTree = "<group>"; };
		62161FDC2A7FFF5D000360F9 /* Base */ = {isa = PBXFileReference; lastKnownFileType = file.storyboard; name = Base; path = Base.lproj/LaunchScreen.storyboard; sourceTree = "<group>"; };
		62161FDE2A7FFF5D000360F9 /* Info.plist */ = {isa = PBXFileReference; lastKnownFileType = text.plist.xml; path = Info.plist; sourceTree = "<group>"; };
		62161FE62A816A1C000360F9 /* FeedViewController.swift */ = {isa = PBXFileReference; lastKnownFileType = sourcecode.swift; path = FeedViewController.swift; sourceTree = "<group>"; };
		62161FEA2A81729B000360F9 /* PostViewController.swift */ = {isa = PBXFileReference; lastKnownFileType = sourcecode.swift; path = PostViewController.swift; sourceTree = "<group>"; };
		62161FEC2A8185A6000360F9 /* Post.swift */ = {isa = PBXFileReference; lastKnownFileType = sourcecode.swift; path = Post.swift; sourceTree = "<group>"; };
		62161FEE2A818A4B000360F9 /* InfoViewController.swift */ = {isa = PBXFileReference; lastKnownFileType = sourcecode.swift; path = InfoViewController.swift; sourceTree = "<group>"; };
		62AD4E852A854DE300B7F91C /* ProfileViewController.swift */ = {isa = PBXFileReference; lastKnownFileType = sourcecode.swift; path = ProfileViewController.swift; sourceTree = "<group>"; };
		62AD4E872A854E0400B7F91C /* ProfileHeaderView.swift */ = {isa = PBXFileReference; lastKnownFileType = sourcecode.swift; path = ProfileHeaderView.swift; sourceTree = "<group>"; };
		62AD4E892A8E875200B7F91C /* LogInViewController.swift */ = {isa = PBXFileReference; lastKnownFileType = sourcecode.swift; path = LogInViewController.swift; sourceTree = "<group>"; };
		62AD4E8D2A965D9400B7F91C /* PhotosViewController.swift */ = {isa = PBXFileReference; lastKnownFileType = sourcecode.swift; path = PhotosViewController.swift; sourceTree = "<group>"; };
		62AD4E8F2A965DD600B7F91C /* PhotosCollectionViewCell.swift */ = {isa = PBXFileReference; lastKnownFileType = sourcecode.swift; path = PhotosCollectionViewCell.swift; sourceTree = "<group>"; };
		62AD4E912A96785900B7F91C /* PhotosTableViewCell.swift */ = {isa = PBXFileReference; lastKnownFileType = sourcecode.swift; path = PhotosTableViewCell.swift; sourceTree = "<group>"; };
		62AD4E8B2A93DF2300B7F91C /* PostTableViewCell.swift */ = {isa = PBXFileReference; lastKnownFileType = sourcecode.swift; path = PostTableViewCell.swift; sourceTree = "<group>"; };
/* End PBXFileReference section */

/* Begin PBXFrameworksBuildPhase section */
		62161FCA2A7FFF5C000360F9 /* Frameworks */ = {
			isa = PBXFrameworksBuildPhase;
			buildActionMask = 2147483647;
			files = (
			);
			runOnlyForDeploymentPostprocessing = 0;
		};
/* End PBXFrameworksBuildPhase section */

/* Begin PBXGroup section */
		62161FC42A7FFF5C000360F9 = {
			isa = PBXGroup;
			children = (
				62161FCF2A7FFF5C000360F9 /* Navigation */,
				62161FCE2A7FFF5C000360F9 /* Products */,
			);
			sourceTree = "<group>";
		};
		62161FCE2A7FFF5C000360F9 /* Products */ = {
			isa = PBXGroup;
			children = (
				62161FCD2A7FFF5C000360F9 /* Navigation.app */,
			);
			name = Products;
			sourceTree = "<group>";
		};
		62161FCF2A7FFF5C000360F9 /* Navigation */ = {
			isa = PBXGroup;
			children = (
				62B21B192A8540DF00A19364 /* Profile */,
				62161FD02A7FFF5C000360F9 /* AppDelegate.swift */,
				62161FD22A7FFF5C000360F9 /* SceneDelegate.swift */,
				62161FD92A7FFF5D000360F9 /* Assets.xcassets */,
				62161FDB2A7FFF5D000360F9 /* LaunchScreen.storyboard */,
				62161FDE2A7FFF5D000360F9 /* Info.plist */,
				62161FE62A816A1C000360F9 /* FeedViewController.swift */,
				62161FEA2A81729B000360F9 /* PostViewController.swift */,
				62161FEC2A8185A6000360F9 /* Post.swift */,
				62161FEE2A818A4B000360F9 /* InfoViewController.swift */,
			);
			path = Navigation;
			sourceTree = "<group>";
		};
		62B21B192A8540DF00A19364 /* Profile */ = {
			isa = PBXGroup;
			children = (
				62AD4E872A854E0400B7F91C /* ProfileHeaderView.swift */,
				62AD4E852A854DE300B7F91C /* ProfileViewController.swift */,
				62AD4E892A8E875200B7F91C /* LogInViewController.swift */,
				62AD4E8D2A965D9400B7F91C /* PhotosViewController.swift */,
				62AD4E8F2A965DD600B7F91C /* PhotosCollectionViewCell.swift */,
				62AD4E912A96785900B7F91C /* PhotosTableViewCell.swift */,
				62AD4E8B2A93DF2300B7F91C /* PostTableViewCell.swift */,
			);
			path = Profile;
			sourceTree = "<group>";
		};
/* End PBXGroup section */

/* Begin PBXNativeTarget section */
		62161FCC2A7FFF5C000360F9 /* Navigation */ = {
			isa = PBXNativeTarget;
			buildConfigurationList = 62161FE12A7FFF5D000360F9 /* Build configuration list for PBXNativeTarget "Navigation" */;
			buildPhases = (
				62161FC92A7FFF5C000360F9 /* Sources */,
				62161FCA2A7FFF5C000360F9 /* Frameworks */,
				62161FCB2A7FFF5C000360F9 /* Resources */,
			);
			buildRules = (
			);
			dependencies = (
			);
			name = Navigation;
			productName = Navigation;
			productReference = 62161FCD2A7FFF5C000360F9 /* Navigation.app */;
			productType = "com.apple.product-type.application";
		};
/* End PBXNativeTarget section */

/* Begin PBXProject section */
		62161FC52A7FFF5C000360F9 /* Project object */ = {
			isa = PBXProject;
			attributes = {
				BuildIndependentTargetsInParallel = 1;
				LastSwiftUpdateCheck = 1430;
				LastUpgradeCheck = 1430;
				TargetAttributes = {
					62161FCC2A7FFF5C000360F9 = {
						CreatedOnToolsVersion = 14.3.1;
					};
				};
			};
			buildConfigurationList = 62161FC82A7FFF5C000360F9 /* Build configuration list for PBXProject "Navigation" */;
			compatibilityVersion = "Xcode 14.0";
			developmentRegion = en;
			hasScannedForEncodings = 0;
			knownRegions = (
				en,
				Base,
			);
			mainGroup = 62161FC42A7FFF5C000360F9;
			productRefGroup = 62161FCE2A7FFF5C000360F9 /* Products */;
			projectDirPath = "";
			projectRoot = "";
			targets = (
				62161FCC2A7FFF5C000360F9 /* Navigation */,
			);
		};
/* End PBXProject section */

/* Begin PBXResourcesBuildPhase section */
		62161FCB2A7FFF5C000360F9 /* Resources */ = {
			isa = PBXResourcesBuildPhase;
			buildActionMask = 2147483647;
			files = (
				62161FDD2A7FFF5D000360F9 /* LaunchScreen.storyboard in Resources */,
				62161FDA2A7FFF5D000360F9 /* Assets.xcassets in Resources */,
			);
			runOnlyForDeploymentPostprocessing = 0;
		};
/* End PBXResourcesBuildPhase section */

/* Begin PBXSourcesBuildPhase section */
		62161FC92A7FFF5C000360F9 /* Sources */ = {
			isa = PBXSourcesBuildPhase;
			buildActionMask = 2147483647;
			files = (
				62AD4E922A96785900B7F91C /* PhotosTableViewCell.swift in Sources */,
				62161FEB2A81729B000360F9 /* PostViewController.swift in Sources */,
				62161FD12A7FFF5C000360F9 /* AppDelegate.swift in Sources */,
				62AD4E8A2A8E875200B7F91C /* LogInViewController.swift in Sources */,
				62161FE72A816A1C000360F9 /* FeedViewController.swift in Sources */,
				62161FED2A8185A6000360F9 /* Post.swift in Sources */,
				62AD4E902A965DD600B7F91C /* PhotosCollectionViewCell.swift in Sources */,
				62AD4E862A854DE300B7F91C /* ProfileViewController.swift in Sources */,
				62161FEF2A818A4B000360F9 /* InfoViewController.swift in Sources */,
				62AD4E8C2A93DF2300B7F91C /* PostTableViewCell.swift in Sources */,
				62161FD32A7FFF5C000360F9 /* SceneDelegate.swift in Sources */,
				62AD4E882A854E0400B7F91C /* ProfileHeaderView.swift in Sources */,
				62AD4E8E2A965D9400B7F91C /* PhotosViewController.swift in Sources */,
			);
			runOnlyForDeploymentPostprocessing = 0;
		};
/* End PBXSourcesBuildPhase section */

/* Begin PBXVariantGroup section */
		62161FDB2A7FFF5D000360F9 /* LaunchScreen.storyboard */ = {
			isa = PBXVariantGroup;
			children = (
				62161FDC2A7FFF5D000360F9 /* Base */,
			);
			name = LaunchScreen.storyboard;
			sourceTree = "<group>";
		};
/* End PBXVariantGroup section */

/* Begin XCBuildConfiguration section */
		62161FDF2A7FFF5D000360F9 /* Debug */ = {
			isa = XCBuildConfiguration;
			buildSettings = {
				ALWAYS_SEARCH_USER_PATHS = NO;
				CLANG_ANALYZER_NONNULL = YES;
				CLANG_ANALYZER_NUMBER_OBJECT_CONVERSION = YES_AGGRESSIVE;
				CLANG_CXX_LANGUAGE_STANDARD = "gnu++20";
				CLANG_ENABLE_MODULES = YES;
				CLANG_ENABLE_OBJC_ARC = YES;
				CLANG_ENABLE_OBJC_WEAK = YES;
				CLANG_WARN_BLOCK_CAPTURE_AUTORELEASING = YES;
				CLANG_WARN_BOOL_CONVERSION = YES;
				CLANG_WARN_COMMA = YES;
				CLANG_WARN_CONSTANT_CONVERSION = YES;
				CLANG_WARN_DEPRECATED_OBJC_IMPLEMENTATIONS = YES;
				CLANG_WARN_DIRECT_OBJC_ISA_USAGE = YES_ERROR;
				CLANG_WARN_DOCUMENTATION_COMMENTS = YES;
				CLANG_WARN_EMPTY_BODY = YES;
				CLANG_WARN_ENUM_CONVERSION = YES;
				CLANG_WARN_INFINITE_RECURSION = YES;
				CLANG_WARN_INT_CONVERSION = YES;
				CLANG_WARN_NON_LITERAL_NULL_CONVERSION = YES;
				CLANG_WARN_OBJC_IMPLICIT_RETAIN_SELF = YES;
				CLANG_WARN_OBJC_LITERAL_CONVERSION = YES;
				CLANG_WARN_OBJC_ROOT_CLASS = YES_ERROR;
				CLANG_WARN_QUOTED_INCLUDE_IN_FRAMEWORK_HEADER = YES;
				CLANG_WARN_RANGE_LOOP_ANALYSIS = YES;
				CLANG_WARN_STRICT_PROTOTYPES = YES;
				CLANG_WARN_SUSPICIOUS_MOVE = YES;
				CLANG_WARN_UNGUARDED_AVAILABILITY = YES_AGGRESSIVE;
				CLANG_WARN_UNREACHABLE_CODE = YES;
				CLANG_WARN__DUPLICATE_METHOD_MATCH = YES;
				COPY_PHASE_STRIP = NO;
				DEBUG_INFORMATION_FORMAT = dwarf;
				ENABLE_STRICT_OBJC_MSGSEND = YES;
				ENABLE_TESTABILITY = YES;
				GCC_C_LANGUAGE_STANDARD = gnu11;
				GCC_DYNAMIC_NO_PIC = NO;
				GCC_NO_COMMON_BLOCKS = YES;
				GCC_OPTIMIZATION_LEVEL = 0;
				GCC_PREPROCESSOR_DEFINITIONS = (
					"DEBUG=1",
					"$(inherited)",
				);
				GCC_WARN_64_TO_32_BIT_CONVERSION = YES;
				GCC_WARN_ABOUT_RETURN_TYPE = YES_ERROR;
				GCC_WARN_UNDECLARED_SELECTOR = YES;
				GCC_WARN_UNINITIALIZED_AUTOS = YES_AGGRESSIVE;
				GCC_WARN_UNUSED_FUNCTION = YES;
				GCC_WARN_UNUSED_VARIABLE = YES;
				IPHONEOS_DEPLOYMENT_TARGET = 16.4;
				MTL_ENABLE_DEBUG_INFO = INCLUDE_SOURCE;
				MTL_FAST_MATH = YES;
				ONLY_ACTIVE_ARCH = YES;
				SDKROOT = iphoneos;
				SWIFT_ACTIVE_COMPILATION_CONDITIONS = DEBUG;
				SWIFT_OPTIMIZATION_LEVEL = "-Onone";
			};
			name = Debug;
		};
		62161FE02A7FFF5D000360F9 /* Release */ = {
			isa = XCBuildConfiguration;
			buildSettings = {
				ALWAYS_SEARCH_USER_PATHS = NO;
				CLANG_ANALYZER_NONNULL = YES;
				CLANG_ANALYZER_NUMBER_OBJECT_CONVERSION = YES_AGGRESSIVE;
				CLANG_CXX_LANGUAGE_STANDARD = "gnu++20";
				CLANG_ENABLE_MODULES = YES;
				CLANG_ENABLE_OBJC_ARC = YES;
				CLANG_ENABLE_OBJC_WEAK = YES;
				CLANG_WARN_BLOCK_CAPTURE_AUTORELEASING = YES;
				CLANG_WARN_BOOL_CONVERSION = YES;
				CLANG_WARN_COMMA = YES;
				CLANG_WARN_CONSTANT_CONVERSION = YES;
				CLANG_WARN_DEPRECATED_OBJC_IMPLEMENTATIONS = YES;
				CLANG_WARN_DIRECT_OBJC_ISA_USAGE = YES_ERROR;
				CLANG_WARN_DOCUMENTATION_COMMENTS = YES;
				CLANG_WARN_EMPTY_BODY = YES;
				CLANG_WARN_ENUM_CONVERSION = YES;
				CLANG_WARN_INFINITE_RECURSION = YES;
				CLANG_WARN_INT_CONVERSION = YES;
				CLANG_WARN_NON_LITERAL_NULL_CONVERSION = YES;
				CLANG_WARN_OBJC_IMPLICIT_RETAIN_SELF = YES;
				CLANG_WARN_OBJC_LITERAL_CONVERSION = YES;
				CLANG_WARN_OBJC_ROOT_CLASS = YES_ERROR;
				CLANG_WARN_QUOTED_INCLUDE_IN_FRAMEWORK_HEADER = YES;
				CLANG_WARN_RANGE_LOOP_ANALYSIS = YES;
				CLANG_WARN_STRICT_PROTOTYPES = YES;
				CLANG_WARN_SUSPICIOUS_MOVE = YES;
				CLANG_WARN_UNGUARDED_AVAILABILITY = YES_AGGRESSIVE;
				CLANG_WARN_UNREACHABLE_CODE = YES;
				CLANG_WARN__DUPLICATE_METHOD_MATCH = YES;
				COPY_PHASE_STRIP = NO;
				DEBUG_INFORMATION_FORMAT = "dwarf-with-dsym";
				ENABLE_NS_ASSERTIONS = NO;
				ENABLE_STRICT_OBJC_MSGSEND = YES;
				GCC_C_LANGUAGE_STANDARD = gnu11;
				GCC_NO_COMMON_BLOCKS = YES;
				GCC_WARN_64_TO_32_BIT_CONVERSION = YES;
				GCC_WARN_ABOUT_RETURN_TYPE = YES_ERROR;
				GCC_WARN_UNDECLARED_SELECTOR = YES;
				GCC_WARN_UNINITIALIZED_AUTOS = YES_AGGRESSIVE;
				GCC_WARN_UNUSED_FUNCTION = YES;
				GCC_WARN_UNUSED_VARIABLE = YES;
				IPHONEOS_DEPLOYMENT_TARGET = 16.4;
				MTL_ENABLE_DEBUG_INFO = NO;
				MTL_FAST_MATH = YES;
				SDKROOT = iphoneos;
				SWIFT_COMPILATION_MODE = wholemodule;
				SWIFT_OPTIMIZATION_LEVEL = "-O";
				VALIDATE_PRODUCT = YES;
			};
			name = Release;
		};
		62161FE22A7FFF5D000360F9 /* Debug */ = {
			isa = XCBuildConfiguration;
			buildSettings = {
				ASSETCATALOG_COMPILER_APPICON_NAME = AppIcon;
				ASSETCATALOG_COMPILER_GLOBAL_ACCENT_COLOR_NAME = AccentColor;
				CODE_SIGN_STYLE = Automatic;
				CURRENT_PROJECT_VERSION = 1;
				GENERATE_INFOPLIST_FILE = YES;
				INFOPLIST_FILE = Navigation/Info.plist;
				INFOPLIST_KEY_UIApplicationSupportsIndirectInputEvents = YES;
				INFOPLIST_KEY_UILaunchStoryboardName = LaunchScreen;
				INFOPLIST_KEY_UISupportedInterfaceOrientations_iPad = "UIInterfaceOrientationPortrait UIInterfaceOrientationPortraitUpsideDown UIInterfaceOrientationLandscapeLeft UIInterfaceOrientationLandscapeRight";
				INFOPLIST_KEY_UISupportedInterfaceOrientations_iPhone = "UIInterfaceOrientationPortrait UIInterfaceOrientationLandscapeLeft UIInterfaceOrientationLandscapeRight";
				LD_RUNPATH_SEARCH_PATHS = (
					"$(inherited)",
					"@executable_path/Frameworks",
				);
				MARKETING_VERSION = 1.0;
				PRODUCT_BUNDLE_IDENTIFIER = ru.nukupi.Navigation;
				PRODUCT_NAME = "$(TARGET_NAME)";
				SWIFT_EMIT_LOC_STRINGS = YES;
				SWIFT_VERSION = 5.0;
				TARGETED_DEVICE_FAMILY = "1,2";
			};
			name = Debug;
		};
		62161FE32A7FFF5D000360F9 /* Release */ = {
			isa = XCBuildConfiguration;
			buildSettings = {
				ASSETCATALOG_COMPILER_APPICON_NAME = AppIcon;
				ASSETCATALOG_COMPILER_GLOBAL_ACCENT_COLOR_NAME = AccentColor;
				CODE_SIGN_STYLE = Automatic;
				CURRENT_PROJECT_VERSION = 1;
				GENERATE_INFOPLIST_FILE = YES;
				INFOPLIST_FILE = Navigation/Info.plist;
				INFOPLIST_KEY_UIApplicationSupportsIndirectInputEvents = YES;
				INFOPLIST_KEY_UILaunchStoryboardName = LaunchScreen;
				INFOPLIST_KEY_UISupportedInterfaceOrientations_iPad = "UIInterfaceOrientationPortrait UIInterfaceOrientationPortraitUpsideDown UIInterfaceOrientationLandscapeLeft UIInterfaceOrientationLandscapeRight";
				INFOPLIST_KEY_UISupportedInterfaceOrientations_iPhone = "UIInterfaceOrientationPortrait UIInterfaceOrientationLandscapeLeft UIInterfaceOrientationLandscapeRight";
				LD_RUNPATH_SEARCH_PATHS = (
					"$(inherited)",
					"@executable_path/Frameworks",
				);
				MARKETING_VERSION = 1.0;
				PRODUCT_BUNDLE_IDENTIFIER = ru.nukupi.Navigation;
				PRODUCT_NAME = "$(TARGET_NAME)";
				SWIFT_EMIT_LOC_STRINGS = YES;
				SWIFT_VERSION = 5.0;
				TARGETED_DEVICE_FAMILY = "1,2";
			};
			name = Release;
		};
/* End XCBuildConfiguration section */

/* Begin XCConfigurationList section */
		62161FC82A7FFF5C000360F9 /* Build configuration list for PBXProject "Navigation" */ = {
			isa = XCConfigurationList;
			buildConfigurations = (
				62161FDF2A7FFF5D000360F9 /* Debug */,
				62161FE02A7FFF5D000360F9 /* Release */,
			);
			defaultConfigurationIsVisible = 0;
			defaultConfigurationName = Release;
		};
		62161FE12A7FFF5D000360F9 /* Build configuration list for PBXNativeTarget "Navigation" */ = {
			isa = XCConfigurationList;
			buildConfigurations = (
				62161FE22A7FFF5D000360F9 /* Debug */,
				62161FE32A7FFF5D000360F9 /* Release */,
			);
			defaultConfigurationIsVisible = 0;
			defaultConfigurationName = Release;
		};
/* End XCConfigurationList section */
	};
	rootObject = 62161FC52A7FFF5C000360F9 /* Project object */;
}
