// !$*UTF8*$!
{
	archiveVersion = 1;
	classes = {
	};
	objectVersion = 56;
	objects = {

/* Begin PBXBuildFile section */
		6201F7732AF2ABDF0089D213 /* KeychainSwift in Frameworks */ = {isa = PBXBuildFile; productRef = 6201F7722AF2ABDF0089D213 /* KeychainSwift */; };
		6201F7762AF2C73A0089D213 /* LoginViewController.swift in Sources */ = {isa = PBXBuildFile; fileRef = 6201F7752AF2C7390089D213 /* LoginViewController.swift */; };
		6201F7792AF2D5640089D213 /* MainCoordinators.swift in Sources */ = {isa = PBXBuildFile; fileRef = 6201F7782AF2D5640089D213 /* MainCoordinators.swift */; };
		6201F77C2AF60CF40089D213 /* KeychainService.swift in Sources */ = {isa = PBXBuildFile; fileRef = 6201F77B2AF60CF40089D213 /* KeychainService.swift */; };
		6201F77E2AF6B2290089D213 /* SettingsViewController.swift in Sources */ = {isa = PBXBuildFile; fileRef = 6201F77D2AF6B2290089D213 /* SettingsViewController.swift */; };
		6201F7802AF6D2730089D213 /* SettingsApp.swift in Sources */ = {isa = PBXBuildFile; fileRef = 6201F77F2AF6D2730089D213 /* SettingsApp.swift */; };
		6201F7822AF6D5100089D213 /* Extension.swift in Sources */ = {isa = PBXBuildFile; fileRef = 6201F7812AF6D5100089D213 /* Extension.swift */; };
		62161FD12A7FFF5C000360F9 /* AppDelegate.swift in Sources */ = {isa = PBXBuildFile; fileRef = 62161FD02A7FFF5C000360F9 /* AppDelegate.swift */; };
		62161FD32A7FFF5C000360F9 /* SceneDelegate.swift in Sources */ = {isa = PBXBuildFile; fileRef = 62161FD22A7FFF5C000360F9 /* SceneDelegate.swift */; };
		62161FDA2A7FFF5D000360F9 /* Assets.xcassets in Resources */ = {isa = PBXBuildFile; fileRef = 62161FD92A7FFF5D000360F9 /* Assets.xcassets */; };
		62161FDD2A7FFF5D000360F9 /* LaunchScreen.storyboard in Resources */ = {isa = PBXBuildFile; fileRef = 62161FDB2A7FFF5D000360F9 /* LaunchScreen.storyboard */; };
		62161FE72A816A1C000360F9 /* FeedViewController.swift in Sources */ = {isa = PBXBuildFile; fileRef = 62161FE62A816A1C000360F9 /* FeedViewController.swift */; };
		62161FEB2A81729B000360F9 /* PostViewController.swift in Sources */ = {isa = PBXBuildFile; fileRef = 62161FEA2A81729B000360F9 /* PostViewController.swift */; };
		62161FEF2A818A4B000360F9 /* InfoViewController.swift in Sources */ = {isa = PBXBuildFile; fileRef = 62161FEE2A818A4B000360F9 /* InfoViewController.swift */; };
		621D67852AE6FA9F002C6CF7 /* FirebaseAuth in Frameworks */ = {isa = PBXBuildFile; productRef = 621D67842AE6FA9F002C6CF7 /* FirebaseAuth */; };
		621D67872AE6FA9F002C6CF7 /* FirebaseFirestoreSwift in Frameworks */ = {isa = PBXBuildFile; productRef = 621D67862AE6FA9F002C6CF7 /* FirebaseFirestoreSwift */; };
		621D67892AE6FA9F002C6CF7 /* FirebaseStorage in Frameworks */ = {isa = PBXBuildFile; productRef = 621D67882AE6FA9F002C6CF7 /* FirebaseStorage */; };
		621D678B2AECE55F002C6CF7 /* CheckerService.swift in Sources */ = {isa = PBXBuildFile; fileRef = 621D678A2AECE55F002C6CF7 /* CheckerService.swift */; };
		621D678D2AECF6BF002C6CF7 /* GoogleService-Info.plist in Resources */ = {isa = PBXBuildFile; fileRef = 621D678C2AECF6BF002C6CF7 /* GoogleService-Info.plist */; };
		6228D96B2AEEB81C000FD42A /* AppDelegate.swift in Sources */ = {isa = PBXBuildFile; fileRef = 6228D96A2AEEB81C000FD42A /* AppDelegate.swift */; };
		6228D96D2AEEB81C000FD42A /* SceneDelegate.swift in Sources */ = {isa = PBXBuildFile; fileRef = 6228D96C2AEEB81C000FD42A /* SceneDelegate.swift */; };
		6228D96F2AEEB81C000FD42A /* FileListViewController.swift in Sources */ = {isa = PBXBuildFile; fileRef = 6228D96E2AEEB81C000FD42A /* FileListViewController.swift */; };
		6228D9742AEEB81D000FD42A /* Assets.xcassets in Resources */ = {isa = PBXBuildFile; fileRef = 6228D9732AEEB81D000FD42A /* Assets.xcassets */; };
		6228D9772AEEB81D000FD42A /* LaunchScreen.storyboard in Resources */ = {isa = PBXBuildFile; fileRef = 6228D9752AEEB81D000FD42A /* LaunchScreen.storyboard */; };
		6228D97D2AEEBB5F000FD42A /* FileManagerService.swift in Sources */ = {isa = PBXBuildFile; fileRef = 6228D97C2AEEBB5F000FD42A /* FileManagerService.swift */; };
		6228D97F2AEEBDE6000FD42A /* Model.swift in Sources */ = {isa = PBXBuildFile; fileRef = 6228D97E2AEEBDE6000FD42A /* Model.swift */; };
		628881442B2378850049431F /* AppDelegate.swift in Sources */ = {isa = PBXBuildFile; fileRef = 628881432B2378850049431F /* AppDelegate.swift */; };
		628881462B2378850049431F /* SceneDelegate.swift in Sources */ = {isa = PBXBuildFile; fileRef = 628881452B2378850049431F /* SceneDelegate.swift */; };
		628881482B2378850049431F /* ViewController.swift in Sources */ = {isa = PBXBuildFile; fileRef = 628881472B2378850049431F /* ViewController.swift */; };
		6288814B2B2378850049431F /* Main.storyboard in Resources */ = {isa = PBXBuildFile; fileRef = 628881492B2378850049431F /* Main.storyboard */; };
		6288814D2B2378860049431F /* Assets.xcassets in Resources */ = {isa = PBXBuildFile; fileRef = 6288814C2B2378860049431F /* Assets.xcassets */; };
		628881502B2378860049431F /* LaunchScreen.storyboard in Resources */ = {isa = PBXBuildFile; fileRef = 6288814E2B2378860049431F /* LaunchScreen.storyboard */; };
		6295616C2AA8FE88001BD24B /* StorageService.docc in Sources */ = {isa = PBXBuildFile; fileRef = 6295616B2AA8FE88001BD24B /* StorageService.docc */; };
		629561722AA8FE88001BD24B /* StorageService.framework in Frameworks */ = {isa = PBXBuildFile; fileRef = 629561682AA8FE88001BD24B /* StorageService.framework */; };
		629561792AA8FE88001BD24B /* StorageServiceTests.swift in Sources */ = {isa = PBXBuildFile; fileRef = 629561782AA8FE88001BD24B /* StorageServiceTests.swift */; };
		6295617A2AA8FE88001BD24B /* StorageService.h in Headers */ = {isa = PBXBuildFile; fileRef = 6295616A2AA8FE88001BD24B /* StorageService.h */; settings = {ATTRIBUTES = (Public, ); }; };
		6295617D2AA8FE88001BD24B /* StorageService.framework in Frameworks */ = {isa = PBXBuildFile; fileRef = 629561682AA8FE88001BD24B /* StorageService.framework */; };
		6295617E2AA8FE88001BD24B /* StorageService.framework in Embed Frameworks */ = {isa = PBXBuildFile; fileRef = 629561682AA8FE88001BD24B /* StorageService.framework */; settings = {ATTRIBUTES = (CodeSignOnCopy, RemoveHeadersOnCopy, ); }; };
		629561862AA8FEA6001BD24B /* Post.swift in Sources */ = {isa = PBXBuildFile; fileRef = 62161FEC2A8185A6000360F9 /* Post.swift */; };
		629561952AB0D92D001BD24B /* LoginInspector.swift in Sources */ = {isa = PBXBuildFile; fileRef = 629561942AB0D92D001BD24B /* LoginInspector.swift */; };
		6295619B2AB5E806001BD24B /* iOSIntPackage in Frameworks */ = {isa = PBXBuildFile; productRef = 6295619A2AB5E806001BD24B /* iOSIntPackage */; };
		629E3ED32AD471A00025C444 /* NetworkService.swift in Sources */ = {isa = PBXBuildFile; fileRef = 629E3ED22AD471A00025C444 /* NetworkService.swift */; };
		629E3ED52AD4722A0025C444 /* AppConfiguration.swift in Sources */ = {isa = PBXBuildFile; fileRef = 629E3ED42AD4722A0025C444 /* AppConfiguration.swift */; };
		629E3EDA2ADF0AA80025C444 /* Planets.swift in Sources */ = {isa = PBXBuildFile; fileRef = 629E3ED92ADF0AA80025C444 /* Planets.swift */; };
		629E3EDC2ADF23F80025C444 /* Resident.swift in Sources */ = {isa = PBXBuildFile; fileRef = 629E3EDB2ADF23F80025C444 /* Resident.swift */; };
		629E3EDE2ADF24FB0025C444 /* ResidentsTableViewCell.swift in Sources */ = {isa = PBXBuildFile; fileRef = 629E3EDD2ADF24FB0025C444 /* ResidentsTableViewCell.swift */; };
		62AD4E862A854DE300B7F91C /* ProfileViewController.swift in Sources */ = {isa = PBXBuildFile; fileRef = 62AD4E852A854DE300B7F91C /* ProfileViewController.swift */; };
		62AD4E882A854E0400B7F91C /* ProfileHeaderView.swift in Sources */ = {isa = PBXBuildFile; fileRef = 62AD4E872A854E0400B7F91C /* ProfileHeaderView.swift */; };
		62AD4E8A2A8E875200B7F91C /* LogInViewController.swift in Sources */ = {isa = PBXBuildFile; fileRef = 62AD4E892A8E875200B7F91C /* LogInViewController.swift */; };
		62AD4E8C2A93DF2300B7F91C /* PostTableViewCell.swift in Sources */ = {isa = PBXBuildFile; fileRef = 62AD4E8B2A93DF2300B7F91C /* PostTableViewCell.swift */; };
		62AD4E8E2A965D9400B7F91C /* PhotosViewController.swift in Sources */ = {isa = PBXBuildFile; fileRef = 62AD4E8D2A965D9400B7F91C /* PhotosViewController.swift */; };
		62AD4E902A965DD600B7F91C /* PhotosCollectionViewCell.swift in Sources */ = {isa = PBXBuildFile; fileRef = 62AD4E8F2A965DD600B7F91C /* PhotosCollectionViewCell.swift */; };
		62AD4E922A96785900B7F91C /* PhotosTableViewCell.swift in Sources */ = {isa = PBXBuildFile; fileRef = 62AD4E912A96785900B7F91C /* PhotosTableViewCell.swift */; };
		62EBF3E32AB74CAA00E84ECC /* CustomButton.swift in Sources */ = {isa = PBXBuildFile; fileRef = 62EBF3E22AB74CAA00E84ECC /* CustomButton.swift */; };
		62EBF3E62AB76FDE00E84ECC /* FeedModel.swift in Sources */ = {isa = PBXBuildFile; fileRef = 62EBF3E52AB76FDE00E84ECC /* FeedModel.swift */; };
		62EBF3E82AB8A27900E84ECC /* FeedViewModel.swift in Sources */ = {isa = PBXBuildFile; fileRef = 62EBF3E72AB8A27900E84ECC /* FeedViewModel.swift */; };
		62EBF3EB2ABA1FC500E84ECC /* MainCoordinator.swift in Sources */ = {isa = PBXBuildFile; fileRef = 62EBF3EA2ABA1FC500E84ECC /* MainCoordinator.swift */; };
		62EBF3ED2ABA20FE00E84ECC /* FeedCoordinator.swift in Sources */ = {isa = PBXBuildFile; fileRef = 62EBF3EC2ABA20FE00E84ECC /* FeedCoordinator.swift */; };
		62EBF3EF2ABA211300E84ECC /* ProfileCoordinator.swift in Sources */ = {isa = PBXBuildFile; fileRef = 62EBF3EE2ABA211300E84ECC /* ProfileCoordinator.swift */; };
		62ED23502AC5D39B0024C449 /* AppError.swift in Sources */ = {isa = PBXBuildFile; fileRef = 62ED234F2AC5D39B0024C449 /* AppError.swift */; };
		846AFCD12AAFC01E0006C88C /* Users.swift in Sources */ = {isa = PBXBuildFile; fileRef = 846AFCD02AAFC01E0006C88C /* Users.swift */; };
		846AFCD32AAFC05D0006C88C /* CurrentUserService.swift in Sources */ = {isa = PBXBuildFile; fileRef = 846AFCD22AAFC05D0006C88C /* CurrentUserService.swift */; };
		846AFCD52AAFC07E0006C88C /* TestUserService.swift in Sources */ = {isa = PBXBuildFile; fileRef = 846AFCD42AAFC07E0006C88C /* TestUserService.swift */; };
/* End PBXBuildFile section */

/* Begin PBXContainerItemProxy section */
		629561732AA8FE88001BD24B /* PBXContainerItemProxy */ = {
			isa = PBXContainerItemProxy;
			containerPortal = 62161FC52A7FFF5C000360F9 /* Project object */;
			proxyType = 1;
			remoteGlobalIDString = 629561672AA8FE88001BD24B;
			remoteInfo = StorageService;
		};
		629561752AA8FE88001BD24B /* PBXContainerItemProxy */ = {
			isa = PBXContainerItemProxy;
			containerPortal = 62161FC52A7FFF5C000360F9 /* Project object */;
			proxyType = 1;
			remoteGlobalIDString = 62161FCC2A7FFF5C000360F9;
			remoteInfo = Navigation;
		};
		6295617B2AA8FE88001BD24B /* PBXContainerItemProxy */ = {
			isa = PBXContainerItemProxy;
			containerPortal = 62161FC52A7FFF5C000360F9 /* Project object */;
			proxyType = 1;
			remoteGlobalIDString = 629561672AA8FE88001BD24B;
			remoteInfo = StorageService;
		};
/* End PBXContainerItemProxy section */

/* Begin PBXCopyFilesBuildPhase section */
		6295617F2AA8FE88001BD24B /* Embed Frameworks */ = {
			isa = PBXCopyFilesBuildPhase;
			buildActionMask = 2147483647;
			dstPath = "";
			dstSubfolderSpec = 10;
			files = (
				6295617E2AA8FE88001BD24B /* StorageService.framework in Embed Frameworks */,
			);
			name = "Embed Frameworks";
			runOnlyForDeploymentPostprocessing = 0;
		};
/* End PBXCopyFilesBuildPhase section */

/* Begin PBXFileReference section */
		6201F7752AF2C7390089D213 /* LoginViewController.swift */ = {isa = PBXFileReference; lastKnownFileType = sourcecode.swift; path = LoginViewController.swift; sourceTree = "<group>"; };
		6201F7782AF2D5640089D213 /* MainCoordinators.swift */ = {isa = PBXFileReference; lastKnownFileType = sourcecode.swift; path = MainCoordinators.swift; sourceTree = "<group>"; };
		6201F77B2AF60CF40089D213 /* KeychainService.swift */ = {isa = PBXFileReference; lastKnownFileType = sourcecode.swift; path = KeychainService.swift; sourceTree = "<group>"; };
		6201F77D2AF6B2290089D213 /* SettingsViewController.swift */ = {isa = PBXFileReference; lastKnownFileType = sourcecode.swift; path = SettingsViewController.swift; sourceTree = "<group>"; };
		6201F77F2AF6D2730089D213 /* SettingsApp.swift */ = {isa = PBXFileReference; lastKnownFileType = sourcecode.swift; path = SettingsApp.swift; sourceTree = "<group>"; };
		6201F7812AF6D5100089D213 /* Extension.swift */ = {isa = PBXFileReference; lastKnownFileType = sourcecode.swift; path = Extension.swift; sourceTree = "<group>"; };
		62161FCD2A7FFF5C000360F9 /* Navigation.app */ = {isa = PBXFileReference; explicitFileType = wrapper.application; includeInIndex = 0; path = Navigation.app; sourceTree = BUILT_PRODUCTS_DIR; };
		62161FD02A7FFF5C000360F9 /* AppDelegate.swift */ = {isa = PBXFileReference; lastKnownFileType = sourcecode.swift; path = AppDelegate.swift; sourceTree = "<group>"; };
		62161FD22A7FFF5C000360F9 /* SceneDelegate.swift */ = {isa = PBXFileReference; lastKnownFileType = sourcecode.swift; path = SceneDelegate.swift; sourceTree = "<group>"; };
		62161FD92A7FFF5D000360F9 /* Assets.xcassets */ = {isa = PBXFileReference; lastKnownFileType = folder.assetcatalog; path = Assets.xcassets; sourceTree = "<group>"; };
		62161FDC2A7FFF5D000360F9 /* Base */ = {isa = PBXFileReference; lastKnownFileType = file.storyboard; name = Base; path = Base.lproj/LaunchScreen.storyboard; sourceTree = "<group>"; };
		62161FDE2A7FFF5D000360F9 /* Info.plist */ = {isa = PBXFileReference; lastKnownFileType = text.plist.xml; path = Info.plist; sourceTree = "<group>"; };
		62161FE62A816A1C000360F9 /* FeedViewController.swift */ = {isa = PBXFileReference; lastKnownFileType = sourcecode.swift; path = FeedViewController.swift; sourceTree = "<group>"; };
		62161FEA2A81729B000360F9 /* PostViewController.swift */ = {isa = PBXFileReference; lastKnownFileType = sourcecode.swift; path = PostViewController.swift; sourceTree = "<group>"; };
		62161FEC2A8185A6000360F9 /* Post.swift */ = {isa = PBXFileReference; lastKnownFileType = sourcecode.swift; path = Post.swift; sourceTree = "<group>"; };
		62161FEE2A818A4B000360F9 /* InfoViewController.swift */ = {isa = PBXFileReference; lastKnownFileType = sourcecode.swift; path = InfoViewController.swift; sourceTree = "<group>"; };
		621D678A2AECE55F002C6CF7 /* CheckerService.swift */ = {isa = PBXFileReference; lastKnownFileType = sourcecode.swift; path = CheckerService.swift; sourceTree = "<group>"; };
		621D678C2AECF6BF002C6CF7 /* GoogleService-Info.plist */ = {isa = PBXFileReference; fileEncoding = 4; lastKnownFileType = text.plist.xml; name = "GoogleService-Info.plist"; path = "../../../../Downloads/GoogleService-Info.plist"; sourceTree = "<group>"; };
		6228D9682AEEB81C000FD42A /* FileManager.app */ = {isa = PBXFileReference; explicitFileType = wrapper.application; includeInIndex = 0; path = FileManager.app; sourceTree = BUILT_PRODUCTS_DIR; };
		6228D96A2AEEB81C000FD42A /* AppDelegate.swift */ = {isa = PBXFileReference; lastKnownFileType = sourcecode.swift; path = AppDelegate.swift; sourceTree = "<group>"; };
		6228D96C2AEEB81C000FD42A /* SceneDelegate.swift */ = {isa = PBXFileReference; lastKnownFileType = sourcecode.swift; path = SceneDelegate.swift; sourceTree = "<group>"; };
		6228D96E2AEEB81C000FD42A /* FileListViewController.swift */ = {isa = PBXFileReference; lastKnownFileType = sourcecode.swift; path = FileListViewController.swift; sourceTree = "<group>"; };
		6228D9732AEEB81D000FD42A /* Assets.xcassets */ = {isa = PBXFileReference; lastKnownFileType = folder.assetcatalog; path = Assets.xcassets; sourceTree = "<group>"; };
		6228D9762AEEB81D000FD42A /* Base */ = {isa = PBXFileReference; lastKnownFileType = file.storyboard; name = Base; path = Base.lproj/LaunchScreen.storyboard; sourceTree = "<group>"; };
		6228D9782AEEB81D000FD42A /* Info.plist */ = {isa = PBXFileReference; lastKnownFileType = text.plist.xml; path = Info.plist; sourceTree = "<group>"; };
		6228D97C2AEEBB5F000FD42A /* FileManagerService.swift */ = {isa = PBXFileReference; lastKnownFileType = sourcecode.swift; path = FileManagerService.swift; sourceTree = "<group>"; };
		6228D97E2AEEBDE6000FD42A /* Model.swift */ = {isa = PBXFileReference; lastKnownFileType = sourcecode.swift; path = Model.swift; sourceTree = "<group>"; };
		628881412B2378850049431F /* Location.app */ = {isa = PBXFileReference; explicitFileType = wrapper.application; includeInIndex = 0; path = Location.app; sourceTree = BUILT_PRODUCTS_DIR; };
		628881432B2378850049431F /* AppDelegate.swift */ = {isa = PBXFileReference; lastKnownFileType = sourcecode.swift; path = AppDelegate.swift; sourceTree = "<group>"; };
		628881452B2378850049431F /* SceneDelegate.swift */ = {isa = PBXFileReference; lastKnownFileType = sourcecode.swift; path = SceneDelegate.swift; sourceTree = "<group>"; };
		628881472B2378850049431F /* ViewController.swift */ = {isa = PBXFileReference; lastKnownFileType = sourcecode.swift; path = ViewController.swift; sourceTree = "<group>"; };
		6288814A2B2378850049431F /* Base */ = {isa = PBXFileReference; lastKnownFileType = file.storyboard; name = Base; path = Base.lproj/Main.storyboard; sourceTree = "<group>"; };
		6288814C2B2378860049431F /* Assets.xcassets */ = {isa = PBXFileReference; lastKnownFileType = folder.assetcatalog; path = Assets.xcassets; sourceTree = "<group>"; };
		6288814F2B2378860049431F /* Base */ = {isa = PBXFileReference; lastKnownFileType = file.storyboard; name = Base; path = Base.lproj/LaunchScreen.storyboard; sourceTree = "<group>"; };
		628881512B2378860049431F /* Info.plist */ = {isa = PBXFileReference; lastKnownFileType = text.plist.xml; path = Info.plist; sourceTree = "<group>"; };
		629561682AA8FE88001BD24B /* StorageService.framework */ = {isa = PBXFileReference; explicitFileType = wrapper.framework; includeInIndex = 0; path = StorageService.framework; sourceTree = BUILT_PRODUCTS_DIR; };
		6295616A2AA8FE88001BD24B /* StorageService.h */ = {isa = PBXFileReference; lastKnownFileType = sourcecode.c.h; path = StorageService.h; sourceTree = "<group>"; };
		6295616B2AA8FE88001BD24B /* StorageService.docc */ = {isa = PBXFileReference; lastKnownFileType = folder.documentationcatalog; path = StorageService.docc; sourceTree = "<group>"; };
		629561712AA8FE88001BD24B /* StorageServiceTests.xctest */ = {isa = PBXFileReference; explicitFileType = wrapper.cfbundle; includeInIndex = 0; path = StorageServiceTests.xctest; sourceTree = BUILT_PRODUCTS_DIR; };
		629561782AA8FE88001BD24B /* StorageServiceTests.swift */ = {isa = PBXFileReference; lastKnownFileType = sourcecode.swift; path = StorageServiceTests.swift; sourceTree = "<group>"; };
		629561942AB0D92D001BD24B /* LoginInspector.swift */ = {isa = PBXFileReference; lastKnownFileType = sourcecode.swift; path = LoginInspector.swift; sourceTree = "<group>"; };
		629E3ED22AD471A00025C444 /* NetworkService.swift */ = {isa = PBXFileReference; lastKnownFileType = sourcecode.swift; path = NetworkService.swift; sourceTree = "<group>"; };
		629E3ED42AD4722A0025C444 /* AppConfiguration.swift */ = {isa = PBXFileReference; lastKnownFileType = sourcecode.swift; path = AppConfiguration.swift; sourceTree = "<group>"; };
		629E3ED92ADF0AA80025C444 /* Planets.swift */ = {isa = PBXFileReference; lastKnownFileType = sourcecode.swift; path = Planets.swift; sourceTree = "<group>"; };
		629E3EDB2ADF23F80025C444 /* Resident.swift */ = {isa = PBXFileReference; lastKnownFileType = sourcecode.swift; path = Resident.swift; sourceTree = "<group>"; };
		629E3EDD2ADF24FB0025C444 /* ResidentsTableViewCell.swift */ = {isa = PBXFileReference; lastKnownFileType = sourcecode.swift; path = ResidentsTableViewCell.swift; sourceTree = "<group>"; };
		62AD4E852A854DE300B7F91C /* ProfileViewController.swift */ = {isa = PBXFileReference; lastKnownFileType = sourcecode.swift; path = ProfileViewController.swift; sourceTree = "<group>"; };
		62AD4E872A854E0400B7F91C /* ProfileHeaderView.swift */ = {isa = PBXFileReference; lastKnownFileType = sourcecode.swift; path = ProfileHeaderView.swift; sourceTree = "<group>"; };
		62AD4E892A8E875200B7F91C /* LogInViewController.swift */ = {isa = PBXFileReference; lastKnownFileType = sourcecode.swift; path = LogInViewController.swift; sourceTree = "<group>"; };
		62AD4E8B2A93DF2300B7F91C /* PostTableViewCell.swift */ = {isa = PBXFileReference; lastKnownFileType = sourcecode.swift; path = PostTableViewCell.swift; sourceTree = "<group>"; };
		62AD4E8D2A965D9400B7F91C /* PhotosViewController.swift */ = {isa = PBXFileReference; lastKnownFileType = sourcecode.swift; path = PhotosViewController.swift; sourceTree = "<group>"; };
		62AD4E8F2A965DD600B7F91C /* PhotosCollectionViewCell.swift */ = {isa = PBXFileReference; lastKnownFileType = sourcecode.swift; path = PhotosCollectionViewCell.swift; sourceTree = "<group>"; };
		62AD4E912A96785900B7F91C /* PhotosTableViewCell.swift */ = {isa = PBXFileReference; lastKnownFileType = sourcecode.swift; path = PhotosTableViewCell.swift; sourceTree = "<group>"; };
		62EBF3E22AB74CAA00E84ECC /* CustomButton.swift */ = {isa = PBXFileReference; lastKnownFileType = sourcecode.swift; path = CustomButton.swift; sourceTree = "<group>"; };
		62EBF3E52AB76FDE00E84ECC /* FeedModel.swift */ = {isa = PBXFileReference; lastKnownFileType = sourcecode.swift; path = FeedModel.swift; sourceTree = "<group>"; };
		62EBF3E72AB8A27900E84ECC /* FeedViewModel.swift */ = {isa = PBXFileReference; lastKnownFileType = sourcecode.swift; path = FeedViewModel.swift; sourceTree = "<group>"; };
		62EBF3EA2ABA1FC500E84ECC /* MainCoordinator.swift */ = {isa = PBXFileReference; lastKnownFileType = sourcecode.swift; path = MainCoordinator.swift; sourceTree = "<group>"; };
		62EBF3EC2ABA20FE00E84ECC /* FeedCoordinator.swift */ = {isa = PBXFileReference; lastKnownFileType = sourcecode.swift; path = FeedCoordinator.swift; sourceTree = "<group>"; };
		62EBF3EE2ABA211300E84ECC /* ProfileCoordinator.swift */ = {isa = PBXFileReference; lastKnownFileType = sourcecode.swift; path = ProfileCoordinator.swift; sourceTree = "<group>"; };
		62ED234F2AC5D39B0024C449 /* AppError.swift */ = {isa = PBXFileReference; lastKnownFileType = sourcecode.swift; path = AppError.swift; sourceTree = "<group>"; };
		846AFCD02AAFC01E0006C88C /* Users.swift */ = {isa = PBXFileReference; lastKnownFileType = sourcecode.swift; path = Users.swift; sourceTree = "<group>"; };
		846AFCD22AAFC05D0006C88C /* CurrentUserService.swift */ = {isa = PBXFileReference; lastKnownFileType = sourcecode.swift; path = CurrentUserService.swift; sourceTree = "<group>"; };
		846AFCD42AAFC07E0006C88C /* TestUserService.swift */ = {isa = PBXFileReference; lastKnownFileType = sourcecode.swift; path = TestUserService.swift; sourceTree = "<group>"; };
/* End PBXFileReference section */

/* Begin PBXFrameworksBuildPhase section */
		62161FCA2A7FFF5C000360F9 /* Frameworks */ = {
			isa = PBXFrameworksBuildPhase;
			buildActionMask = 2147483647;
			files = (
				6295617D2AA8FE88001BD24B /* StorageService.framework in Frameworks */,
				621D67852AE6FA9F002C6CF7 /* FirebaseAuth in Frameworks */,
				6295619B2AB5E806001BD24B /* iOSIntPackage in Frameworks */,
				621D67892AE6FA9F002C6CF7 /* FirebaseStorage in Frameworks */,
				621D67872AE6FA9F002C6CF7 /* FirebaseFirestoreSwift in Frameworks */,
			);
			runOnlyForDeploymentPostprocessing = 0;
		};
		6228D9652AEEB81C000FD42A /* Frameworks */ = {
			isa = PBXFrameworksBuildPhase;
			buildActionMask = 2147483647;
			files = (
				6201F7732AF2ABDF0089D213 /* KeychainSwift in Frameworks */,
			);
			runOnlyForDeploymentPostprocessing = 0;
		};
		6288813E2B2378850049431F /* Frameworks */ = {
			isa = PBXFrameworksBuildPhase;
			buildActionMask = 2147483647;
			files = (
			);
			runOnlyForDeploymentPostprocessing = 0;
		};
		629561652AA8FE88001BD24B /* Frameworks */ = {
			isa = PBXFrameworksBuildPhase;
			buildActionMask = 2147483647;
			files = (
			);
			runOnlyForDeploymentPostprocessing = 0;
		};
		6295616E2AA8FE88001BD24B /* Frameworks */ = {
			isa = PBXFrameworksBuildPhase;
			buildActionMask = 2147483647;
			files = (
				629561722AA8FE88001BD24B /* StorageService.framework in Frameworks */,
			);
			runOnlyForDeploymentPostprocessing = 0;
		};
/* End PBXFrameworksBuildPhase section */

/* Begin PBXGroup section */
		6201F7742AF2C7140089D213 /* Login */ = {
			isa = PBXGroup;
			children = (
				6201F7752AF2C7390089D213 /* LoginViewController.swift */,
			);
			path = Login;
			sourceTree = "<group>";
		};
		6201F7772AF2D54A0089D213 /* Coordinators */ = {
			isa = PBXGroup;
			children = (
				6201F7782AF2D5640089D213 /* MainCoordinators.swift */,
			);
			path = Coordinators;
			sourceTree = "<group>";
		};
		6201F77A2AF60CE20089D213 /* KeychainService */ = {
			isa = PBXGroup;
			children = (
				6201F77B2AF60CF40089D213 /* KeychainService.swift */,
			);
			path = KeychainService;
			sourceTree = "<group>";
		};
		62161FC42A7FFF5C000360F9 = {
			isa = PBXGroup;
			children = (
				62161FCF2A7FFF5C000360F9 /* Navigation */,
				629561692AA8FE88001BD24B /* StorageService */,
				629561772AA8FE88001BD24B /* StorageServiceTests */,
				6228D9692AEEB81C000FD42A /* FileManager */,
				628881422B2378850049431F /* Location */,
				62161FCE2A7FFF5C000360F9 /* Products */,
			);
			sourceTree = "<group>";
		};
		62161FCE2A7FFF5C000360F9 /* Products */ = {
			isa = PBXGroup;
			children = (
				62161FCD2A7FFF5C000360F9 /* Navigation.app */,
				629561682AA8FE88001BD24B /* StorageService.framework */,
				629561712AA8FE88001BD24B /* StorageServiceTests.xctest */,
				6228D9682AEEB81C000FD42A /* FileManager.app */,
				628881412B2378850049431F /* Location.app */,
			);
			name = Products;
			sourceTree = "<group>";
		};
		62161FCF2A7FFF5C000360F9 /* Navigation */ = {
			isa = PBXGroup;
			children = (
				629E3ED62ADEE8040025C444 /* Model */,
				629E3ED12AD471810025C444 /* Network */,
				62EBF3E92ABA1FAA00E84ECC /* Coordinators */,
				62EBF3E42AB76FBC00E84ECC /* Feed */,
				629561962AB0E400001BD24B /* Trash */,
				629561932AB0D8FB001BD24B /* Login */,
				846AFCCF2AAFBFF60006C88C /* Users */,
				62AD4EB52A9FB4DD00B7F91C /* Posts */,
				62AD4EB42A9FB48F00B7F91C /* PhotoGallery */,
				62B21B192A8540DF00A19364 /* Profile */,
				62161FD02A7FFF5C000360F9 /* AppDelegate.swift */,
				62161FD22A7FFF5C000360F9 /* SceneDelegate.swift */,
				62161FD92A7FFF5D000360F9 /* Assets.xcassets */,
				62161FDB2A7FFF5D000360F9 /* LaunchScreen.storyboard */,
				62161FDE2A7FFF5D000360F9 /* Info.plist */,
				621D678C2AECF6BF002C6CF7 /* GoogleService-Info.plist */,
				62161FEE2A818A4B000360F9 /* InfoViewController.swift */,
				629E3EDD2ADF24FB0025C444 /* ResidentsTableViewCell.swift */,
				62EBF3E22AB74CAA00E84ECC /* CustomButton.swift */,
				62ED234F2AC5D39B0024C449 /* AppError.swift */,
				629E3ED42AD4722A0025C444 /* AppConfiguration.swift */,
			);
			path = Navigation;
			sourceTree = "<group>";
		};
		6228D9692AEEB81C000FD42A /* FileManager */ = {
			isa = PBXGroup;
			children = (
				6201F77A2AF60CE20089D213 /* KeychainService */,
				6201F7772AF2D54A0089D213 /* Coordinators */,
				6201F7742AF2C7140089D213 /* Login */,
				6228D97E2AEEBDE6000FD42A /* Model.swift */,
				6228D97C2AEEBB5F000FD42A /* FileManagerService.swift */,
				6228D96A2AEEB81C000FD42A /* AppDelegate.swift */,
				6228D96C2AEEB81C000FD42A /* SceneDelegate.swift */,
				6228D96E2AEEB81C000FD42A /* FileListViewController.swift */,
				6201F77D2AF6B2290089D213 /* SettingsViewController.swift */,
				6201F7812AF6D5100089D213 /* Extension.swift */,
				6201F77F2AF6D2730089D213 /* SettingsApp.swift */,
				6228D9732AEEB81D000FD42A /* Assets.xcassets */,
				6228D9752AEEB81D000FD42A /* LaunchScreen.storyboard */,
				6228D9782AEEB81D000FD42A /* Info.plist */,
			);
			path = FileManager;
			sourceTree = "<group>";
		};
		628881422B2378850049431F /* Location */ = {
			isa = PBXGroup;
			children = (
				628881432B2378850049431F /* AppDelegate.swift */,
				628881452B2378850049431F /* SceneDelegate.swift */,
				628881472B2378850049431F /* ViewController.swift */,
				628881492B2378850049431F /* Main.storyboard */,
				6288814C2B2378860049431F /* Assets.xcassets */,
				6288814E2B2378860049431F /* LaunchScreen.storyboard */,
				628881512B2378860049431F /* Info.plist */,
			);
			path = Location;
			sourceTree = "<group>";
		};
		629561692AA8FE88001BD24B /* StorageService */ = {
			isa = PBXGroup;
			children = (
				62161FEC2A8185A6000360F9 /* Post.swift */,
				6295616A2AA8FE88001BD24B /* StorageService.h */,
				6295616B2AA8FE88001BD24B /* StorageService.docc */,
			);
			path = StorageService;
			sourceTree = "<group>";
		};
		629561772AA8FE88001BD24B /* StorageServiceTests */ = {
			isa = PBXGroup;
			children = (
				629561782AA8FE88001BD24B /* StorageServiceTests.swift */,
			);
			path = StorageServiceTests;
			sourceTree = "<group>";
		};
		629561932AB0D8FB001BD24B /* Login */ = {
			isa = PBXGroup;
			children = (
				62AD4E892A8E875200B7F91C /* LogInViewController.swift */,
				629561942AB0D92D001BD24B /* LoginInspector.swift */,
				621D678A2AECE55F002C6CF7 /* CheckerService.swift */,
			);
			path = Login;
			sourceTree = "<group>";
		};
		629561962AB0E400001BD24B /* Trash */ = {
			isa = PBXGroup;
			children = (
			);
			path = Trash;
			sourceTree = "<group>";
		};
		629E3ED12AD471810025C444 /* Network */ = {
			isa = PBXGroup;
			children = (
				629E3ED22AD471A00025C444 /* NetworkService.swift */,
			);
			path = Network;
			sourceTree = "<group>";
		};
		629E3ED62ADEE8040025C444 /* Model */ = {
			isa = PBXGroup;
			children = (
				629E3ED92ADF0AA80025C444 /* Planets.swift */,
				629E3EDB2ADF23F80025C444 /* Resident.swift */,
			);
			path = Model;
			sourceTree = "<group>";
		};
		62AD4EB42A9FB48F00B7F91C /* PhotoGallery */ = {
			isa = PBXGroup;
			children = (
				62AD4E8F2A965DD600B7F91C /* PhotosCollectionViewCell.swift */,
				62AD4E8D2A965D9400B7F91C /* PhotosViewController.swift */,
			);
			path = PhotoGallery;
			sourceTree = "<group>";
		};
		62AD4EB52A9FB4DD00B7F91C /* Posts */ = {
			isa = PBXGroup;
			children = (
				62161FEA2A81729B000360F9 /* PostViewController.swift */,
			);
			path = Posts;
			sourceTree = "<group>";
		};
		62B21B192A8540DF00A19364 /* Profile */ = {
			isa = PBXGroup;
			children = (
				62AD4E852A854DE300B7F91C /* ProfileViewController.swift */,
				62AD4E872A854E0400B7F91C /* ProfileHeaderView.swift */,
				62AD4E8B2A93DF2300B7F91C /* PostTableViewCell.swift */,
				62AD4E912A96785900B7F91C /* PhotosTableViewCell.swift */,
			);
			path = Profile;
			sourceTree = "<group>";
		};
		62EBF3E42AB76FBC00E84ECC /* Feed */ = {
			isa = PBXGroup;
			children = (
				62161FE62A816A1C000360F9 /* FeedViewController.swift */,
				62EBF3E52AB76FDE00E84ECC /* FeedModel.swift */,
				62EBF3E72AB8A27900E84ECC /* FeedViewModel.swift */,
			);
			path = Feed;
			sourceTree = "<group>";
		};
		62EBF3E92ABA1FAA00E84ECC /* Coordinators */ = {
			isa = PBXGroup;
			children = (
				62EBF3EA2ABA1FC500E84ECC /* MainCoordinator.swift */,
				62EBF3EC2ABA20FE00E84ECC /* FeedCoordinator.swift */,
				62EBF3EE2ABA211300E84ECC /* ProfileCoordinator.swift */,
			);
			path = Coordinators;
			sourceTree = "<group>";
		};
		846AFCCF2AAFBFF60006C88C /* Users */ = {
			isa = PBXGroup;
			children = (
				846AFCD02AAFC01E0006C88C /* Users.swift */,
				846AFCD22AAFC05D0006C88C /* CurrentUserService.swift */,
				846AFCD42AAFC07E0006C88C /* TestUserService.swift */,
			);
			path = Users;
			sourceTree = "<group>";
		};
/* End PBXGroup section */

/* Begin PBXHeadersBuildPhase section */
		629561632AA8FE88001BD24B /* Headers */ = {
			isa = PBXHeadersBuildPhase;
			buildActionMask = 2147483647;
			files = (
				6295617A2AA8FE88001BD24B /* StorageService.h in Headers */,
			);
			runOnlyForDeploymentPostprocessing = 0;
		};
/* End PBXHeadersBuildPhase section */

/* Begin PBXNativeTarget section */
		62161FCC2A7FFF5C000360F9 /* Navigation */ = {
			isa = PBXNativeTarget;
			buildConfigurationList = 62161FE12A7FFF5D000360F9 /* Build configuration list for PBXNativeTarget "Navigation" */;
			buildPhases = (
				62161FC92A7FFF5C000360F9 /* Sources */,
				62161FCA2A7FFF5C000360F9 /* Frameworks */,
				62161FCB2A7FFF5C000360F9 /* Resources */,
				6295617F2AA8FE88001BD24B /* Embed Frameworks */,
			);
			buildRules = (
			);
			dependencies = (
				6295617C2AA8FE88001BD24B /* PBXTargetDependency */,
			);
			name = Navigation;
			packageProductDependencies = (
				6295619A2AB5E806001BD24B /* iOSIntPackage */,
				621D67842AE6FA9F002C6CF7 /* FirebaseAuth */,
				621D67862AE6FA9F002C6CF7 /* FirebaseFirestoreSwift */,
				621D67882AE6FA9F002C6CF7 /* FirebaseStorage */,
			);
			productName = Navigation;
			productReference = 62161FCD2A7FFF5C000360F9 /* Navigation.app */;
			productType = "com.apple.product-type.application";
		};
		6228D9672AEEB81C000FD42A /* FileManager */ = {
			isa = PBXNativeTarget;
			buildConfigurationList = 6228D97B2AEEB81D000FD42A /* Build configuration list for PBXNativeTarget "FileManager" */;
			buildPhases = (
				6228D9642AEEB81C000FD42A /* Sources */,
				6228D9652AEEB81C000FD42A /* Frameworks */,
				6228D9662AEEB81C000FD42A /* Resources */,
			);
			buildRules = (
			);
			dependencies = (
			);
			name = FileManager;
			packageProductDependencies = (
				6201F7722AF2ABDF0089D213 /* KeychainSwift */,
			);
			productName = FileManager;
			productReference = 6228D9682AEEB81C000FD42A /* FileManager.app */;
			productType = "com.apple.product-type.application";
		};
		628881402B2378850049431F /* Location */ = {
			isa = PBXNativeTarget;
			buildConfigurationList = 628881522B2378860049431F /* Build configuration list for PBXNativeTarget "Location" */;
			buildPhases = (
				6288813D2B2378850049431F /* Sources */,
				6288813E2B2378850049431F /* Frameworks */,
				6288813F2B2378850049431F /* Resources */,
			);
			buildRules = (
			);
			dependencies = (
			);
			name = Location;
			productName = location;
			productReference = 628881412B2378850049431F /* Location.app */;
			productType = "com.apple.product-type.application";
		};
		629561672AA8FE88001BD24B /* StorageService */ = {
			isa = PBXNativeTarget;
			buildConfigurationList = 629561842AA8FE88001BD24B /* Build configuration list for PBXNativeTarget "StorageService" */;
			buildPhases = (
				629561632AA8FE88001BD24B /* Headers */,
				629561642AA8FE88001BD24B /* Sources */,
				629561652AA8FE88001BD24B /* Frameworks */,
				629561662AA8FE88001BD24B /* Resources */,
			);
			buildRules = (
			);
			dependencies = (
			);
			name = StorageService;
			productName = StorageService;
			productReference = 629561682AA8FE88001BD24B /* StorageService.framework */;
			productType = "com.apple.product-type.framework";
		};
		629561702AA8FE88001BD24B /* StorageServiceTests */ = {
			isa = PBXNativeTarget;
			buildConfigurationList = 629561852AA8FE88001BD24B /* Build configuration list for PBXNativeTarget "StorageServiceTests" */;
			buildPhases = (
				6295616D2AA8FE88001BD24B /* Sources */,
				6295616E2AA8FE88001BD24B /* Frameworks */,
				6295616F2AA8FE88001BD24B /* Resources */,
			);
			buildRules = (
			);
			dependencies = (
				629561742AA8FE88001BD24B /* PBXTargetDependency */,
				629561762AA8FE88001BD24B /* PBXTargetDependency */,
			);
			name = StorageServiceTests;
			productName = StorageServiceTests;
			productReference = 629561712AA8FE88001BD24B /* StorageServiceTests.xctest */;
			productType = "com.apple.product-type.bundle.unit-test";
		};
/* End PBXNativeTarget section */

/* Begin PBXProject section */
		62161FC52A7FFF5C000360F9 /* Project object */ = {
			isa = PBXProject;
			attributes = {
				BuildIndependentTargetsInParallel = 1;
				LastSwiftUpdateCheck = 1500;
				LastUpgradeCheck = 1500;
				TargetAttributes = {
					62161FCC2A7FFF5C000360F9 = {
						CreatedOnToolsVersion = 14.3.1;
					};
					6228D9672AEEB81C000FD42A = {
						CreatedOnToolsVersion = 15.0.1;
					};
					628881402B2378850049431F = {
						CreatedOnToolsVersion = 15.0.1;
					};
					629561672AA8FE88001BD24B = {
						CreatedOnToolsVersion = 14.3.1;
					};
					629561702AA8FE88001BD24B = {
						CreatedOnToolsVersion = 14.3.1;
						TestTargetID = 62161FCC2A7FFF5C000360F9;
					};
				};
			};
			buildConfigurationList = 62161FC82A7FFF5C000360F9 /* Build configuration list for PBXProject "Navigation" */;
			compatibilityVersion = "Xcode 14.0";
			developmentRegion = en;
			hasScannedForEncodings = 0;
			knownRegions = (
				en,
				Base,
			);
			mainGroup = 62161FC42A7FFF5C000360F9;
			packageReferences = (
				629561992AB5E806001BD24B /* XCRemoteSwiftPackageReference "iOSIntPackage" */,
				621D67832AE6FA9F002C6CF7 /* XCRemoteSwiftPackageReference "firebase-ios-sdk" */,
				6201F7712AF2ABDF0089D213 /* XCRemoteSwiftPackageReference "keychain-swift" */,
			);
			productRefGroup = 62161FCE2A7FFF5C000360F9 /* Products */;
			projectDirPath = "";
			projectRoot = "";
			targets = (
				62161FCC2A7FFF5C000360F9 /* Navigation */,
				629561672AA8FE88001BD24B /* StorageService */,
				629561702AA8FE88001BD24B /* StorageServiceTests */,
				6228D9672AEEB81C000FD42A /* FileManager */,
				628881402B2378850049431F /* Location */,
			);
		};
/* End PBXProject section */

/* Begin PBXResourcesBuildPhase section */
		62161FCB2A7FFF5C000360F9 /* Resources */ = {
			isa = PBXResourcesBuildPhase;
			buildActionMask = 2147483647;
			files = (
				62161FDD2A7FFF5D000360F9 /* LaunchScreen.storyboard in Resources */,
				62161FDA2A7FFF5D000360F9 /* Assets.xcassets in Resources */,
				621D678D2AECF6BF002C6CF7 /* GoogleService-Info.plist in Resources */,
			);
			runOnlyForDeploymentPostprocessing = 0;
		};
		6228D9662AEEB81C000FD42A /* Resources */ = {
			isa = PBXResourcesBuildPhase;
			buildActionMask = 2147483647;
			files = (
				6228D9772AEEB81D000FD42A /* LaunchScreen.storyboard in Resources */,
				6228D9742AEEB81D000FD42A /* Assets.xcassets in Resources */,
			);
			runOnlyForDeploymentPostprocessing = 0;
		};
		6288813F2B2378850049431F /* Resources */ = {
			isa = PBXResourcesBuildPhase;
			buildActionMask = 2147483647;
			files = (
				628881502B2378860049431F /* LaunchScreen.storyboard in Resources */,
				6288814D2B2378860049431F /* Assets.xcassets in Resources */,
				6288814B2B2378850049431F /* Main.storyboard in Resources */,
			);
			runOnlyForDeploymentPostprocessing = 0;
		};
		629561662AA8FE88001BD24B /* Resources */ = {
			isa = PBXResourcesBuildPhase;
			buildActionMask = 2147483647;
			files = (
			);
			runOnlyForDeploymentPostprocessing = 0;
		};
		6295616F2AA8FE88001BD24B /* Resources */ = {
			isa = PBXResourcesBuildPhase;
			buildActionMask = 2147483647;
			files = (
			);
			runOnlyForDeploymentPostprocessing = 0;
		};
/* End PBXResourcesBuildPhase section */

/* Begin PBXSourcesBuildPhase section */
		62161FC92A7FFF5C000360F9 /* Sources */ = {
			isa = PBXSourcesBuildPhase;
			buildActionMask = 2147483647;
			files = (
				62AD4E922A96785900B7F91C /* PhotosTableViewCell.swift in Sources */,
				62EBF3E32AB74CAA00E84ECC /* CustomButton.swift in Sources */,
				62161FEB2A81729B000360F9 /* PostViewController.swift in Sources */,
				62161FD12A7FFF5C000360F9 /* AppDelegate.swift in Sources */,
				62AD4E8A2A8E875200B7F91C /* LogInViewController.swift in Sources */,
				62EBF3EB2ABA1FC500E84ECC /* MainCoordinator.swift in Sources */,
				62161FE72A816A1C000360F9 /* FeedViewController.swift in Sources */,
				629E3EDC2ADF23F80025C444 /* Resident.swift in Sources */,
				62AD4E902A965DD600B7F91C /* PhotosCollectionViewCell.swift in Sources */,
				62EBF3E62AB76FDE00E84ECC /* FeedModel.swift in Sources */,
				629E3ED52AD4722A0025C444 /* AppConfiguration.swift in Sources */,
				629561952AB0D92D001BD24B /* LoginInspector.swift in Sources */,
				62AD4E862A854DE300B7F91C /* ProfileViewController.swift in Sources */,
				629E3EDE2ADF24FB0025C444 /* ResidentsTableViewCell.swift in Sources */,
				62EBF3ED2ABA20FE00E84ECC /* FeedCoordinator.swift in Sources */,
				62161FEF2A818A4B000360F9 /* InfoViewController.swift in Sources */,
				846AFCD52AAFC07E0006C88C /* TestUserService.swift in Sources */,
				846AFCD32AAFC05D0006C88C /* CurrentUserService.swift in Sources */,
				62EBF3EF2ABA211300E84ECC /* ProfileCoordinator.swift in Sources */,
				62ED23502AC5D39B0024C449 /* AppError.swift in Sources */,
				62EBF3E82AB8A27900E84ECC /* FeedViewModel.swift in Sources */,
				621D678B2AECE55F002C6CF7 /* CheckerService.swift in Sources */,
				62AD4E8C2A93DF2300B7F91C /* PostTableViewCell.swift in Sources */,
				846AFCD12AAFC01E0006C88C /* Users.swift in Sources */,
				62161FD32A7FFF5C000360F9 /* SceneDelegate.swift in Sources */,
				62AD4E882A854E0400B7F91C /* ProfileHeaderView.swift in Sources */,
				629E3EDA2ADF0AA80025C444 /* Planets.swift in Sources */,
				629E3ED32AD471A00025C444 /* NetworkService.swift in Sources */,
				62AD4E8E2A965D9400B7F91C /* PhotosViewController.swift in Sources */,
			);
			runOnlyForDeploymentPostprocessing = 0;
		};
		6228D9642AEEB81C000FD42A /* Sources */ = {
			isa = PBXSourcesBuildPhase;
			buildActionMask = 2147483647;
			files = (
				6201F7762AF2C73A0089D213 /* LoginViewController.swift in Sources */,
				6228D97F2AEEBDE6000FD42A /* Model.swift in Sources */,
				6201F7792AF2D5640089D213 /* MainCoordinators.swift in Sources */,
				6228D96F2AEEB81C000FD42A /* FileListViewController.swift in Sources */,
				6201F7822AF6D5100089D213 /* Extension.swift in Sources */,
				6228D96B2AEEB81C000FD42A /* AppDelegate.swift in Sources */,
				6201F77C2AF60CF40089D213 /* KeychainService.swift in Sources */,
				6201F7802AF6D2730089D213 /* SettingsApp.swift in Sources */,
				6228D96D2AEEB81C000FD42A /* SceneDelegate.swift in Sources */,
				6228D97D2AEEBB5F000FD42A /* FileManagerService.swift in Sources */,
				6201F77E2AF6B2290089D213 /* SettingsViewController.swift in Sources */,
			);
			runOnlyForDeploymentPostprocessing = 0;
		};
		6288813D2B2378850049431F /* Sources */ = {
			isa = PBXSourcesBuildPhase;
			buildActionMask = 2147483647;
			files = (
				628881482B2378850049431F /* ViewController.swift in Sources */,
				628881442B2378850049431F /* AppDelegate.swift in Sources */,
				628881462B2378850049431F /* SceneDelegate.swift in Sources */,
			);
			runOnlyForDeploymentPostprocessing = 0;
		};
		629561642AA8FE88001BD24B /* Sources */ = {
			isa = PBXSourcesBuildPhase;
			buildActionMask = 2147483647;
			files = (
				6295616C2AA8FE88001BD24B /* StorageService.docc in Sources */,
				629561862AA8FEA6001BD24B /* Post.swift in Sources */,
			);
			runOnlyForDeploymentPostprocessing = 0;
		};
		6295616D2AA8FE88001BD24B /* Sources */ = {
			isa = PBXSourcesBuildPhase;
			buildActionMask = 2147483647;
			files = (
				629561792AA8FE88001BD24B /* StorageServiceTests.swift in Sources */,
			);
			runOnlyForDeploymentPostprocessing = 0;
		};
/* End PBXSourcesBuildPhase section */

/* Begin PBXTargetDependency section */
		629561742AA8FE88001BD24B /* PBXTargetDependency */ = {
			isa = PBXTargetDependency;
			target = 629561672AA8FE88001BD24B /* StorageService */;
			targetProxy = 629561732AA8FE88001BD24B /* PBXContainerItemProxy */;
		};
		629561762AA8FE88001BD24B /* PBXTargetDependency */ = {
			isa = PBXTargetDependency;
			target = 62161FCC2A7FFF5C000360F9 /* Navigation */;
			targetProxy = 629561752AA8FE88001BD24B /* PBXContainerItemProxy */;
		};
		6295617C2AA8FE88001BD24B /* PBXTargetDependency */ = {
			isa = PBXTargetDependency;
			target = 629561672AA8FE88001BD24B /* StorageService */;
			targetProxy = 6295617B2AA8FE88001BD24B /* PBXContainerItemProxy */;
		};
/* End PBXTargetDependency section */

/* Begin PBXVariantGroup section */
		62161FDB2A7FFF5D000360F9 /* LaunchScreen.storyboard */ = {
			isa = PBXVariantGroup;
			children = (
				62161FDC2A7FFF5D000360F9 /* Base */,
			);
			name = LaunchScreen.storyboard;
			sourceTree = "<group>";
		};
		6228D9752AEEB81D000FD42A /* LaunchScreen.storyboard */ = {
			isa = PBXVariantGroup;
			children = (
				6228D9762AEEB81D000FD42A /* Base */,
			);
			name = LaunchScreen.storyboard;
			sourceTree = "<group>";
		};
		628881492B2378850049431F /* Main.storyboard */ = {
			isa = PBXVariantGroup;
			children = (
				6288814A2B2378850049431F /* Base */,
			);
			name = Main.storyboard;
			sourceTree = "<group>";
		};
		6288814E2B2378860049431F /* LaunchScreen.storyboard */ = {
			isa = PBXVariantGroup;
			children = (
				6288814F2B2378860049431F /* Base */,
			);
			name = LaunchScreen.storyboard;
			sourceTree = "<group>";
		};
/* End PBXVariantGroup section */

/* Begin XCBuildConfiguration section */
		62161FDF2A7FFF5D000360F9 /* Debug */ = {
			isa = XCBuildConfiguration;
			buildSettings = {
				ALWAYS_SEARCH_USER_PATHS = NO;
				CLANG_ANALYZER_NONNULL = YES;
				CLANG_ANALYZER_NUMBER_OBJECT_CONVERSION = YES_AGGRESSIVE;
				CLANG_CXX_LANGUAGE_STANDARD = "gnu++20";
				CLANG_ENABLE_MODULES = YES;
				CLANG_ENABLE_OBJC_ARC = YES;
				CLANG_ENABLE_OBJC_WEAK = YES;
				CLANG_WARN_BLOCK_CAPTURE_AUTORELEASING = YES;
				CLANG_WARN_BOOL_CONVERSION = YES;
				CLANG_WARN_COMMA = YES;
				CLANG_WARN_CONSTANT_CONVERSION = YES;
				CLANG_WARN_DEPRECATED_OBJC_IMPLEMENTATIONS = YES;
				CLANG_WARN_DIRECT_OBJC_ISA_USAGE = YES_ERROR;
				CLANG_WARN_DOCUMENTATION_COMMENTS = YES;
				CLANG_WARN_EMPTY_BODY = YES;
				CLANG_WARN_ENUM_CONVERSION = YES;
				CLANG_WARN_INFINITE_RECURSION = YES;
				CLANG_WARN_INT_CONVERSION = YES;
				CLANG_WARN_NON_LITERAL_NULL_CONVERSION = YES;
				CLANG_WARN_OBJC_IMPLICIT_RETAIN_SELF = YES;
				CLANG_WARN_OBJC_LITERAL_CONVERSION = YES;
				CLANG_WARN_OBJC_ROOT_CLASS = YES_ERROR;
				CLANG_WARN_QUOTED_INCLUDE_IN_FRAMEWORK_HEADER = YES;
				CLANG_WARN_RANGE_LOOP_ANALYSIS = YES;
				CLANG_WARN_STRICT_PROTOTYPES = YES;
				CLANG_WARN_SUSPICIOUS_MOVE = YES;
				CLANG_WARN_UNGUARDED_AVAILABILITY = YES_AGGRESSIVE;
				CLANG_WARN_UNREACHABLE_CODE = YES;
				CLANG_WARN__DUPLICATE_METHOD_MATCH = YES;
				COPY_PHASE_STRIP = NO;
				DEBUG_INFORMATION_FORMAT = dwarf;
				ENABLE_STRICT_OBJC_MSGSEND = YES;
				ENABLE_TESTABILITY = YES;
				ENABLE_USER_SCRIPT_SANDBOXING = YES;
				GCC_C_LANGUAGE_STANDARD = gnu11;
				GCC_DYNAMIC_NO_PIC = NO;
				GCC_NO_COMMON_BLOCKS = YES;
				GCC_OPTIMIZATION_LEVEL = 0;
				GCC_PREPROCESSOR_DEFINITIONS = (
					"DEBUG=1",
					"$(inherited)",
				);
				GCC_WARN_64_TO_32_BIT_CONVERSION = YES;
				GCC_WARN_ABOUT_RETURN_TYPE = YES_ERROR;
				GCC_WARN_UNDECLARED_SELECTOR = YES;
				GCC_WARN_UNINITIALIZED_AUTOS = YES_AGGRESSIVE;
				GCC_WARN_UNUSED_FUNCTION = YES;
				GCC_WARN_UNUSED_VARIABLE = YES;
				IPHONEOS_DEPLOYMENT_TARGET = 16.4;
				MTL_ENABLE_DEBUG_INFO = INCLUDE_SOURCE;
				MTL_FAST_MATH = YES;
				ONLY_ACTIVE_ARCH = YES;
				SDKROOT = iphoneos;
				SWIFT_ACTIVE_COMPILATION_CONDITIONS = DEBUG;
				SWIFT_OPTIMIZATION_LEVEL = "-Onone";
			};
			name = Debug;
		};
		62161FE02A7FFF5D000360F9 /* Release */ = {
			isa = XCBuildConfiguration;
			buildSettings = {
				ALWAYS_SEARCH_USER_PATHS = NO;
				CLANG_ANALYZER_NONNULL = YES;
				CLANG_ANALYZER_NUMBER_OBJECT_CONVERSION = YES_AGGRESSIVE;
				CLANG_CXX_LANGUAGE_STANDARD = "gnu++20";
				CLANG_ENABLE_MODULES = YES;
				CLANG_ENABLE_OBJC_ARC = YES;
				CLANG_ENABLE_OBJC_WEAK = YES;
				CLANG_WARN_BLOCK_CAPTURE_AUTORELEASING = YES;
				CLANG_WARN_BOOL_CONVERSION = YES;
				CLANG_WARN_COMMA = YES;
				CLANG_WARN_CONSTANT_CONVERSION = YES;
				CLANG_WARN_DEPRECATED_OBJC_IMPLEMENTATIONS = YES;
				CLANG_WARN_DIRECT_OBJC_ISA_USAGE = YES_ERROR;
				CLANG_WARN_DOCUMENTATION_COMMENTS = YES;
				CLANG_WARN_EMPTY_BODY = YES;
				CLANG_WARN_ENUM_CONVERSION = YES;
				CLANG_WARN_INFINITE_RECURSION = YES;
				CLANG_WARN_INT_CONVERSION = YES;
				CLANG_WARN_NON_LITERAL_NULL_CONVERSION = YES;
				CLANG_WARN_OBJC_IMPLICIT_RETAIN_SELF = YES;
				CLANG_WARN_OBJC_LITERAL_CONVERSION = YES;
				CLANG_WARN_OBJC_ROOT_CLASS = YES_ERROR;
				CLANG_WARN_QUOTED_INCLUDE_IN_FRAMEWORK_HEADER = YES;
				CLANG_WARN_RANGE_LOOP_ANALYSIS = YES;
				CLANG_WARN_STRICT_PROTOTYPES = YES;
				CLANG_WARN_SUSPICIOUS_MOVE = YES;
				CLANG_WARN_UNGUARDED_AVAILABILITY = YES_AGGRESSIVE;
				CLANG_WARN_UNREACHABLE_CODE = YES;
				CLANG_WARN__DUPLICATE_METHOD_MATCH = YES;
				COPY_PHASE_STRIP = NO;
				DEBUG_INFORMATION_FORMAT = "dwarf-with-dsym";
				ENABLE_NS_ASSERTIONS = NO;
				ENABLE_STRICT_OBJC_MSGSEND = YES;
				ENABLE_USER_SCRIPT_SANDBOXING = YES;
				GCC_C_LANGUAGE_STANDARD = gnu11;
				GCC_NO_COMMON_BLOCKS = YES;
				GCC_WARN_64_TO_32_BIT_CONVERSION = YES;
				GCC_WARN_ABOUT_RETURN_TYPE = YES_ERROR;
				GCC_WARN_UNDECLARED_SELECTOR = YES;
				GCC_WARN_UNINITIALIZED_AUTOS = YES_AGGRESSIVE;
				GCC_WARN_UNUSED_FUNCTION = YES;
				GCC_WARN_UNUSED_VARIABLE = YES;
				IPHONEOS_DEPLOYMENT_TARGET = 16.4;
				MTL_ENABLE_DEBUG_INFO = NO;
				MTL_FAST_MATH = YES;
				SDKROOT = iphoneos;
				SWIFT_COMPILATION_MODE = wholemodule;
				SWIFT_OPTIMIZATION_LEVEL = "-O";
				VALIDATE_PRODUCT = YES;
			};
			name = Release;
		};
		62161FE22A7FFF5D000360F9 /* Debug */ = {
			isa = XCBuildConfiguration;
			buildSettings = {
				ALWAYS_EMBED_SWIFT_STANDARD_LIBRARIES = YES;
				ASSETCATALOG_COMPILER_APPICON_NAME = AppIcon;
				ASSETCATALOG_COMPILER_GLOBAL_ACCENT_COLOR_NAME = AccentColor;
				CODE_SIGN_STYLE = Automatic;
				CURRENT_PROJECT_VERSION = 1;
				DEVELOPMENT_TEAM = V2YRDUZXS3;
				GENERATE_INFOPLIST_FILE = YES;
				INFOPLIST_FILE = Navigation/Info.plist;
				INFOPLIST_KEY_UIApplicationSupportsIndirectInputEvents = YES;
				INFOPLIST_KEY_UILaunchStoryboardName = LaunchScreen;
				INFOPLIST_KEY_UISupportedInterfaceOrientations_iPad = "UIInterfaceOrientationPortrait UIInterfaceOrientationPortraitUpsideDown UIInterfaceOrientationLandscapeLeft UIInterfaceOrientationLandscapeRight";
				INFOPLIST_KEY_UISupportedInterfaceOrientations_iPhone = "UIInterfaceOrientationPortrait UIInterfaceOrientationLandscapeLeft UIInterfaceOrientationLandscapeRight";
				LD_RUNPATH_SEARCH_PATHS = (
					"$(inherited)",
					"@executable_path/Frameworks",
				);
				MARKETING_VERSION = 1.0;
				PRODUCT_BUNDLE_IDENTIFIER = ru.nukupi.navigation;
				PRODUCT_NAME = "$(TARGET_NAME)";
				SUPPORTED_PLATFORMS = "iphoneos iphonesimulator";
				SUPPORTS_MACCATALYST = NO;
				SUPPORTS_MAC_DESIGNED_FOR_IPHONE_IPAD = NO;
				SWIFT_EMIT_LOC_STRINGS = YES;
				SWIFT_VERSION = 5.0;
				TARGETED_DEVICE_FAMILY = "1,2";
			};
			name = Debug;
		};
		62161FE32A7FFF5D000360F9 /* Release */ = {
			isa = XCBuildConfiguration;
			buildSettings = {
				ALWAYS_EMBED_SWIFT_STANDARD_LIBRARIES = YES;
				ASSETCATALOG_COMPILER_APPICON_NAME = AppIcon;
				ASSETCATALOG_COMPILER_GLOBAL_ACCENT_COLOR_NAME = AccentColor;
				CODE_SIGN_STYLE = Automatic;
				CURRENT_PROJECT_VERSION = 1;
				DEVELOPMENT_TEAM = V2YRDUZXS3;
				GENERATE_INFOPLIST_FILE = YES;
				INFOPLIST_FILE = Navigation/Info.plist;
				INFOPLIST_KEY_UIApplicationSupportsIndirectInputEvents = YES;
				INFOPLIST_KEY_UILaunchStoryboardName = LaunchScreen;
				INFOPLIST_KEY_UISupportedInterfaceOrientations_iPad = "UIInterfaceOrientationPortrait UIInterfaceOrientationPortraitUpsideDown UIInterfaceOrientationLandscapeLeft UIInterfaceOrientationLandscapeRight";
				INFOPLIST_KEY_UISupportedInterfaceOrientations_iPhone = "UIInterfaceOrientationPortrait UIInterfaceOrientationLandscapeLeft UIInterfaceOrientationLandscapeRight";
				LD_RUNPATH_SEARCH_PATHS = (
					"$(inherited)",
					"@executable_path/Frameworks",
				);
				MARKETING_VERSION = 1.0;
				PRODUCT_BUNDLE_IDENTIFIER = ru.nukupi.navigation;
				PRODUCT_NAME = "$(TARGET_NAME)";
				SUPPORTED_PLATFORMS = "iphoneos iphonesimulator";
				SUPPORTS_MACCATALYST = NO;
				SUPPORTS_MAC_DESIGNED_FOR_IPHONE_IPAD = NO;
				SWIFT_EMIT_LOC_STRINGS = YES;
				SWIFT_VERSION = 5.0;
				TARGETED_DEVICE_FAMILY = "1,2";
			};
			name = Release;
		};
		6228D9792AEEB81D000FD42A /* Debug */ = {
			isa = XCBuildConfiguration;
			buildSettings = {
				ASSETCATALOG_COMPILER_APPICON_NAME = AppIcon;
				ASSETCATALOG_COMPILER_GENERATE_SWIFT_ASSET_SYMBOL_EXTENSIONS = YES;
				ASSETCATALOG_COMPILER_GLOBAL_ACCENT_COLOR_NAME = AccentColor;
				CODE_SIGN_STYLE = Automatic;
				CURRENT_PROJECT_VERSION = 1;
				DEVELOPMENT_TEAM = V2YRDUZXS3;
				GCC_C_LANGUAGE_STANDARD = gnu17;
				GENERATE_INFOPLIST_FILE = YES;
				INFOPLIST_FILE = FileManager/Info.plist;
				INFOPLIST_KEY_UIApplicationSupportsIndirectInputEvents = YES;
				INFOPLIST_KEY_UILaunchStoryboardName = LaunchScreen;
				INFOPLIST_KEY_UISupportedInterfaceOrientations_iPad = "UIInterfaceOrientationPortrait UIInterfaceOrientationPortraitUpsideDown UIInterfaceOrientationLandscapeLeft UIInterfaceOrientationLandscapeRight";
				INFOPLIST_KEY_UISupportedInterfaceOrientations_iPhone = "UIInterfaceOrientationPortrait UIInterfaceOrientationLandscapeLeft UIInterfaceOrientationLandscapeRight";
				IPHONEOS_DEPLOYMENT_TARGET = 17.0;
				LD_RUNPATH_SEARCH_PATHS = (
					"$(inherited)",
					"@executable_path/Frameworks",
				);
				LOCALIZATION_PREFERS_STRING_CATALOGS = YES;
				MARKETING_VERSION = 1.0;
				PRODUCT_BUNDLE_IDENTIFIER = ru.nukupi.FileManager;
				PRODUCT_NAME = "$(TARGET_NAME)";
				SWIFT_ACTIVE_COMPILATION_CONDITIONS = "DEBUG $(inherited)";
				SWIFT_EMIT_LOC_STRINGS = YES;
				SWIFT_VERSION = 5.0;
				TARGETED_DEVICE_FAMILY = "1,2";
			};
			name = Debug;
		};
		6228D97A2AEEB81D000FD42A /* Release */ = {
			isa = XCBuildConfiguration;
			buildSettings = {
				ASSETCATALOG_COMPILER_APPICON_NAME = AppIcon;
				ASSETCATALOG_COMPILER_GENERATE_SWIFT_ASSET_SYMBOL_EXTENSIONS = YES;
				ASSETCATALOG_COMPILER_GLOBAL_ACCENT_COLOR_NAME = AccentColor;
				CODE_SIGN_STYLE = Automatic;
				CURRENT_PROJECT_VERSION = 1;
				DEVELOPMENT_TEAM = V2YRDUZXS3;
				GCC_C_LANGUAGE_STANDARD = gnu17;
				GENERATE_INFOPLIST_FILE = YES;
				INFOPLIST_FILE = FileManager/Info.plist;
				INFOPLIST_KEY_UIApplicationSupportsIndirectInputEvents = YES;
				INFOPLIST_KEY_UILaunchStoryboardName = LaunchScreen;
				INFOPLIST_KEY_UISupportedInterfaceOrientations_iPad = "UIInterfaceOrientationPortrait UIInterfaceOrientationPortraitUpsideDown UIInterfaceOrientationLandscapeLeft UIInterfaceOrientationLandscapeRight";
				INFOPLIST_KEY_UISupportedInterfaceOrientations_iPhone = "UIInterfaceOrientationPortrait UIInterfaceOrientationLandscapeLeft UIInterfaceOrientationLandscapeRight";
				IPHONEOS_DEPLOYMENT_TARGET = 17.0;
				LD_RUNPATH_SEARCH_PATHS = (
					"$(inherited)",
					"@executable_path/Frameworks",
				);
				LOCALIZATION_PREFERS_STRING_CATALOGS = YES;
				MARKETING_VERSION = 1.0;
				PRODUCT_BUNDLE_IDENTIFIER = ru.nukupi.FileManager;
				PRODUCT_NAME = "$(TARGET_NAME)";
				SWIFT_EMIT_LOC_STRINGS = YES;
				SWIFT_VERSION = 5.0;
				TARGETED_DEVICE_FAMILY = "1,2";
			};
			name = Release;
		};
		628881532B2378860049431F /* Debug */ = {
			isa = XCBuildConfiguration;
			buildSettings = {
				ASSETCATALOG_COMPILER_APPICON_NAME = AppIcon;
				ASSETCATALOG_COMPILER_GENERATE_SWIFT_ASSET_SYMBOL_EXTENSIONS = YES;
				ASSETCATALOG_COMPILER_GLOBAL_ACCENT_COLOR_NAME = AccentColor;
				CODE_SIGN_STYLE = Automatic;
				CURRENT_PROJECT_VERSION = 1;
				DEVELOPMENT_TEAM = V2YRDUZXS3;
				GCC_C_LANGUAGE_STANDARD = gnu17;
				GENERATE_INFOPLIST_FILE = YES;
				INFOPLIST_FILE = location/Info.plist;
				INFOPLIST_KEY_NSLocationWhenInUseUsageDescription = "Determining your location is necessary for navigation.";
				INFOPLIST_KEY_UIApplicationSupportsIndirectInputEvents = YES;
				INFOPLIST_KEY_UILaunchStoryboardName = LaunchScreen;
				INFOPLIST_KEY_UIMainStoryboardFile = Main;
				INFOPLIST_KEY_UISupportedInterfaceOrientations_iPad = "UIInterfaceOrientationPortrait UIInterfaceOrientationPortraitUpsideDown UIInterfaceOrientationLandscapeLeft UIInterfaceOrientationLandscapeRight";
				INFOPLIST_KEY_UISupportedInterfaceOrientations_iPhone = "UIInterfaceOrientationPortrait UIInterfaceOrientationLandscapeLeft UIInterfaceOrientationLandscapeRight";
				IPHONEOS_DEPLOYMENT_TARGET = 17.0;
				LD_RUNPATH_SEARCH_PATHS = (
					"$(inherited)",
					"@executable_path/Frameworks",
				);
				LOCALIZATION_PREFERS_STRING_CATALOGS = YES;
				MARKETING_VERSION = 1.0;
				PRODUCT_BUNDLE_IDENTIFIER = ru.nukupi.location;
				PRODUCT_NAME = "$(TARGET_NAME)";
				SUPPORTED_PLATFORMS = "iphoneos iphonesimulator";
				SUPPORTS_MACCATALYST = NO;
				SUPPORTS_MAC_DESIGNED_FOR_IPHONE_IPAD = NO;
				SWIFT_ACTIVE_COMPILATION_CONDITIONS = "DEBUG $(inherited)";
				SWIFT_EMIT_LOC_STRINGS = YES;
				SWIFT_VERSION = 5.0;
				TARGETED_DEVICE_FAMILY = "1,2";
			};
			name = Debug;
		};
		628881542B2378860049431F /* Release */ = {
			isa = XCBuildConfiguration;
			buildSettings = {
				ASSETCATALOG_COMPILER_APPICON_NAME = AppIcon;
				ASSETCATALOG_COMPILER_GENERATE_SWIFT_ASSET_SYMBOL_EXTENSIONS = YES;
				ASSETCATALOG_COMPILER_GLOBAL_ACCENT_COLOR_NAME = AccentColor;
				CODE_SIGN_STYLE = Automatic;
				CURRENT_PROJECT_VERSION = 1;
				DEVELOPMENT_TEAM = V2YRDUZXS3;
				GCC_C_LANGUAGE_STANDARD = gnu17;
				GENERATE_INFOPLIST_FILE = YES;
				INFOPLIST_FILE = location/Info.plist;
				INFOPLIST_KEY_NSLocationWhenInUseUsageDescription = "Determining your location is necessary for navigation.";
				INFOPLIST_KEY_UIApplicationSupportsIndirectInputEvents = YES;
				INFOPLIST_KEY_UILaunchStoryboardName = LaunchScreen;
				INFOPLIST_KEY_UIMainStoryboardFile = Main;
				INFOPLIST_KEY_UISupportedInterfaceOrientations_iPad = "UIInterfaceOrientationPortrait UIInterfaceOrientationPortraitUpsideDown UIInterfaceOrientationLandscapeLeft UIInterfaceOrientationLandscapeRight";
				INFOPLIST_KEY_UISupportedInterfaceOrientations_iPhone = "UIInterfaceOrientationPortrait UIInterfaceOrientationLandscapeLeft UIInterfaceOrientationLandscapeRight";
				IPHONEOS_DEPLOYMENT_TARGET = 17.0;
				LD_RUNPATH_SEARCH_PATHS = (
					"$(inherited)",
					"@executable_path/Frameworks",
				);
				LOCALIZATION_PREFERS_STRING_CATALOGS = YES;
				MARKETING_VERSION = 1.0;
				PRODUCT_BUNDLE_IDENTIFIER = ru.nukupi.location;
				PRODUCT_NAME = "$(TARGET_NAME)";
				SUPPORTED_PLATFORMS = "iphoneos iphonesimulator";
				SUPPORTS_MACCATALYST = NO;
				SUPPORTS_MAC_DESIGNED_FOR_IPHONE_IPAD = NO;
				SWIFT_EMIT_LOC_STRINGS = YES;
				SWIFT_VERSION = 5.0;
				TARGETED_DEVICE_FAMILY = "1,2";
			};
			name = Release;
		};
		629561802AA8FE88001BD24B /* Debug */ = {
			isa = XCBuildConfiguration;
			buildSettings = {
				CODE_SIGN_IDENTITY = "";
				CODE_SIGN_STYLE = Automatic;
				CURRENT_PROJECT_VERSION = 1;
				DEFINES_MODULE = YES;
				DYLIB_COMPATIBILITY_VERSION = 1;
				DYLIB_CURRENT_VERSION = 1;
				DYLIB_INSTALL_NAME_BASE = "@rpath";
				ENABLE_MODULE_VERIFIER = YES;
				GENERATE_INFOPLIST_FILE = YES;
				INFOPLIST_KEY_NSHumanReadableCopyright = "";
				INSTALL_PATH = "$(LOCAL_LIBRARY_DIR)/Frameworks";
				LD_RUNPATH_SEARCH_PATHS = (
					"$(inherited)",
					"@executable_path/Frameworks",
					"@loader_path/Frameworks",
				);
				MARKETING_VERSION = 1.0;
				MODULE_VERIFIER_SUPPORTED_LANGUAGES = "objective-c objective-c++";
				MODULE_VERIFIER_SUPPORTED_LANGUAGE_STANDARDS = "gnu11 gnu++20";
				PRODUCT_BUNDLE_IDENTIFIER = ru.nukupi.StorageService;
				PRODUCT_NAME = "$(TARGET_NAME:c99extidentifier)";
				SKIP_INSTALL = YES;
				SUPPORTED_PLATFORMS = "iphoneos iphonesimulator";
				SUPPORTS_MACCATALYST = NO;
				SUPPORTS_MAC_DESIGNED_FOR_IPHONE_IPAD = NO;
				SWIFT_EMIT_LOC_STRINGS = YES;
				SWIFT_VERSION = 5.0;
				TARGETED_DEVICE_FAMILY = "1,2";
				VERSIONING_SYSTEM = "apple-generic";
				VERSION_INFO_PREFIX = "";
			};
			name = Debug;
		};
		629561812AA8FE88001BD24B /* Release */ = {
			isa = XCBuildConfiguration;
			buildSettings = {
				CODE_SIGN_IDENTITY = "";
				CODE_SIGN_STYLE = Automatic;
				CURRENT_PROJECT_VERSION = 1;
				DEFINES_MODULE = YES;
				DYLIB_COMPATIBILITY_VERSION = 1;
				DYLIB_CURRENT_VERSION = 1;
				DYLIB_INSTALL_NAME_BASE = "@rpath";
				ENABLE_MODULE_VERIFIER = YES;
				GENERATE_INFOPLIST_FILE = YES;
				INFOPLIST_KEY_NSHumanReadableCopyright = "";
				INSTALL_PATH = "$(LOCAL_LIBRARY_DIR)/Frameworks";
				LD_RUNPATH_SEARCH_PATHS = (
					"$(inherited)",
					"@executable_path/Frameworks",
					"@loader_path/Frameworks",
				);
				MARKETING_VERSION = 1.0;
				MODULE_VERIFIER_SUPPORTED_LANGUAGES = "objective-c objective-c++";
				MODULE_VERIFIER_SUPPORTED_LANGUAGE_STANDARDS = "gnu11 gnu++20";
				PRODUCT_BUNDLE_IDENTIFIER = ru.nukupi.StorageService;
				PRODUCT_NAME = "$(TARGET_NAME:c99extidentifier)";
				SKIP_INSTALL = YES;
				SUPPORTED_PLATFORMS = "iphoneos iphonesimulator";
				SUPPORTS_MACCATALYST = NO;
				SUPPORTS_MAC_DESIGNED_FOR_IPHONE_IPAD = NO;
				SWIFT_EMIT_LOC_STRINGS = YES;
				SWIFT_VERSION = 5.0;
				TARGETED_DEVICE_FAMILY = "1,2";
				VERSIONING_SYSTEM = "apple-generic";
				VERSION_INFO_PREFIX = "";
			};
			name = Release;
		};
		629561822AA8FE88001BD24B /* Debug */ = {
			isa = XCBuildConfiguration;
			buildSettings = {
				ALWAYS_EMBED_SWIFT_STANDARD_LIBRARIES = YES;
				CODE_SIGN_STYLE = Automatic;
				CURRENT_PROJECT_VERSION = 1;
				GENERATE_INFOPLIST_FILE = YES;
				MARKETING_VERSION = 1.0;
				PRODUCT_BUNDLE_IDENTIFIER = ru.nukupi.StorageServiceTests;
				PRODUCT_NAME = "$(TARGET_NAME)";
				SWIFT_EMIT_LOC_STRINGS = NO;
				SWIFT_VERSION = 5.0;
				TARGETED_DEVICE_FAMILY = "1,2";
				TEST_HOST = "$(BUILT_PRODUCTS_DIR)/Navigation.app/$(BUNDLE_EXECUTABLE_FOLDER_PATH)/Navigation";
			};
			name = Debug;
		};
		629561832AA8FE88001BD24B /* Release */ = {
			isa = XCBuildConfiguration;
			buildSettings = {
				ALWAYS_EMBED_SWIFT_STANDARD_LIBRARIES = YES;
				CODE_SIGN_STYLE = Automatic;
				CURRENT_PROJECT_VERSION = 1;
				GENERATE_INFOPLIST_FILE = YES;
				MARKETING_VERSION = 1.0;
				PRODUCT_BUNDLE_IDENTIFIER = ru.nukupi.StorageServiceTests;
				PRODUCT_NAME = "$(TARGET_NAME)";
				SWIFT_EMIT_LOC_STRINGS = NO;
				SWIFT_VERSION = 5.0;
				TARGETED_DEVICE_FAMILY = "1,2";
				TEST_HOST = "$(BUILT_PRODUCTS_DIR)/Navigation.app/$(BUNDLE_EXECUTABLE_FOLDER_PATH)/Navigation";
			};
			name = Release;
		};
/* End XCBuildConfiguration section */

/* Begin XCConfigurationList section */
		62161FC82A7FFF5C000360F9 /* Build configuration list for PBXProject "Navigation" */ = {
			isa = XCConfigurationList;
			buildConfigurations = (
				62161FDF2A7FFF5D000360F9 /* Debug */,
				62161FE02A7FFF5D000360F9 /* Release */,
			);
			defaultConfigurationIsVisible = 0;
			defaultConfigurationName = Release;
		};
		62161FE12A7FFF5D000360F9 /* Build configuration list for PBXNativeTarget "Navigation" */ = {
			isa = XCConfigurationList;
			buildConfigurations = (
				62161FE22A7FFF5D000360F9 /* Debug */,
				62161FE32A7FFF5D000360F9 /* Release */,
			);
			defaultConfigurationIsVisible = 0;
			defaultConfigurationName = Release;
		};
		6228D97B2AEEB81D000FD42A /* Build configuration list for PBXNativeTarget "FileManager" */ = {
			isa = XCConfigurationList;
			buildConfigurations = (
				6228D9792AEEB81D000FD42A /* Debug */,
				6228D97A2AEEB81D000FD42A /* Release */,
			);
			defaultConfigurationIsVisible = 0;
			defaultConfigurationName = Release;
		};
		628881522B2378860049431F /* Build configuration list for PBXNativeTarget "Location" */ = {
			isa = XCConfigurationList;
			buildConfigurations = (
				628881532B2378860049431F /* Debug */,
				628881542B2378860049431F /* Release */,
			);
			defaultConfigurationIsVisible = 0;
			defaultConfigurationName = Release;
		};
		629561842AA8FE88001BD24B /* Build configuration list for PBXNativeTarget "StorageService" */ = {
			isa = XCConfigurationList;
			buildConfigurations = (
				629561802AA8FE88001BD24B /* Debug */,
				629561812AA8FE88001BD24B /* Release */,
			);
			defaultConfigurationIsVisible = 0;
			defaultConfigurationName = Release;
		};
		629561852AA8FE88001BD24B /* Build configuration list for PBXNativeTarget "StorageServiceTests" */ = {
			isa = XCConfigurationList;
			buildConfigurations = (
				629561822AA8FE88001BD24B /* Debug */,
				629561832AA8FE88001BD24B /* Release */,
			);
			defaultConfigurationIsVisible = 0;
			defaultConfigurationName = Release;
		};
/* End XCConfigurationList section */

/* Begin XCRemoteSwiftPackageReference section */
		6201F7712AF2ABDF0089D213 /* XCRemoteSwiftPackageReference "keychain-swift" */ = {
			isa = XCRemoteSwiftPackageReference;
			repositoryURL = "https://github.com/evgenyneu/keychain-swift.git";
			requirement = {
				kind = upToNextMajorVersion;
				minimumVersion = 20.0.0;
			};
		};
		621D67832AE6FA9F002C6CF7 /* XCRemoteSwiftPackageReference "firebase-ios-sdk" */ = {
			isa = XCRemoteSwiftPackageReference;
			repositoryURL = "https://github.com/firebase/firebase-ios-sdk";
			requirement = {
				kind = upToNextMajorVersion;
				minimumVersion = 10.16.0;
			};
		};
		629561992AB5E806001BD24B /* XCRemoteSwiftPackageReference "iOSIntPackage" */ = {
			isa = XCRemoteSwiftPackageReference;
			repositoryURL = "https://github.com/TrueMax/iOSIntPackage.git";
			requirement = {
				kind = upToNextMinorVersion;
				minimumVersion = 3.2.3;
			};
		};
/* End XCRemoteSwiftPackageReference section */

/* Begin XCSwiftPackageProductDependency section */
		6201F7722AF2ABDF0089D213 /* KeychainSwift */ = {
			isa = XCSwiftPackageProductDependency;
			package = 6201F7712AF2ABDF0089D213 /* XCRemoteSwiftPackageReference "keychain-swift" */;
			productName = KeychainSwift;
		};
		621D67842AE6FA9F002C6CF7 /* FirebaseAuth */ = {
			isa = XCSwiftPackageProductDependency;
			package = 621D67832AE6FA9F002C6CF7 /* XCRemoteSwiftPackageReference "firebase-ios-sdk" */;
			productName = FirebaseAuth;
		};
		621D67862AE6FA9F002C6CF7 /* FirebaseFirestoreSwift */ = {
			isa = XCSwiftPackageProductDependency;
			package = 621D67832AE6FA9F002C6CF7 /* XCRemoteSwiftPackageReference "firebase-ios-sdk" */;
			productName = FirebaseFirestoreSwift;
		};
		621D67882AE6FA9F002C6CF7 /* FirebaseStorage */ = {
			isa = XCSwiftPackageProductDependency;
			package = 621D67832AE6FA9F002C6CF7 /* XCRemoteSwiftPackageReference "firebase-ios-sdk" */;
			productName = FirebaseStorage;
		};
		6295619A2AB5E806001BD24B /* iOSIntPackage */ = {
			isa = XCSwiftPackageProductDependency;
			package = 629561992AB5E806001BD24B /* XCRemoteSwiftPackageReference "iOSIntPackage" */;
			productName = iOSIntPackage;
		};
/* End XCSwiftPackageProductDependency section */
	};
	rootObject = 62161FC52A7FFF5C000360F9 /* Project object */;
}
